// !$*UTF8*$!
{
	archiveVersion = 1;
	classes = {
	};
	objectVersion = 52;
	objects = {

/* Begin PBXBuildFile section */
		95B6724B085EA0EB17D956F1 /* Pods_gamebook.framework in Frameworks */ = {isa = PBXBuildFile; fileRef = A24D3D25F62125C7EBCBCB08 /* Pods_gamebook.framework */; };
		C9009080255045B100E90D75 /* RealmSwift in Frameworks */ = {isa = PBXBuildFile; productRef = C900907F255045B100E90D75 /* RealmSwift */; };
		C9009082255045B100E90D75 /* Realm in Frameworks */ = {isa = PBXBuildFile; productRef = C9009081255045B100E90D75 /* Realm */; };
		C9009086255046CF00E90D75 /* Alamofire in Frameworks */ = {isa = PBXBuildFile; productRef = C9009085255046CF00E90D75 /* Alamofire */; };
		C900908A2550478300E90D75 /* SDWebImage in Frameworks */ = {isa = PBXBuildFile; productRef = C90090892550478300E90D75 /* SDWebImage */; };
		C900908E25504AD500E90D75 /* SDWebImageSwiftUI in Frameworks */ = {isa = PBXBuildFile; productRef = C900908D25504AD500E90D75 /* SDWebImageSwiftUI */; };
		C900909225505BC300E90D75 /* Cleanse in Frameworks */ = {isa = PBXBuildFile; productRef = C900909125505BC300E90D75 /* Cleanse */; };
		C901A98D25611D8700180B24 /* Dimens.swift in Sources */ = {isa = PBXBuildFile; fileRef = C901A98C25611D8700180B24 /* Dimens.swift */; };
		C906303E24BCC87200EB4F98 /* EditProfileScreen.swift in Sources */ = {isa = PBXBuildFile; fileRef = C906303D24BCC87200EB4F98 /* EditProfileScreen.swift */; };
		C906304024BCCA9400EB4F98 /* Fab.swift in Sources */ = {isa = PBXBuildFile; fileRef = C906303F24BCCA9400EB4F98 /* Fab.swift */; };
		C90FC3572557A89000D17864 /* AboutPresenter.swift in Sources */ = {isa = PBXBuildFile; fileRef = C90FC3562557A89000D17864 /* AboutPresenter.swift */; };
		C92A34422546C686001271EB /* .swiftlint.yml in Resources */ = {isa = PBXBuildFile; fileRef = C92A34412546C686001271EB /* .swiftlint.yml */; };
		C92BAB0E24B8A79B0026567F /* FavoriteScreen.swift in Sources */ = {isa = PBXBuildFile; fileRef = C92BAB0D24B8A79B0026567F /* FavoriteScreen.swift */; };
		C92BAB1024B8B2220026567F /* FavoriteRow.swift in Sources */ = {isa = PBXBuildFile; fileRef = C92BAB0F24B8B2220026567F /* FavoriteRow.swift */; };
		C92BAB1224B8BAF60026567F /* LikeButton.swift in Sources */ = {isa = PBXBuildFile; fileRef = C92BAB1124B8BAF60026567F /* LikeButton.swift */; };
		C961B01224ADD112008AF274 /* AppDelegate.swift in Sources */ = {isa = PBXBuildFile; fileRef = C961B01124ADD112008AF274 /* AppDelegate.swift */; };
		C961B01424ADD112008AF274 /* SceneDelegate.swift in Sources */ = {isa = PBXBuildFile; fileRef = C961B01324ADD112008AF274 /* SceneDelegate.swift */; };
		C961B01824ADD113008AF274 /* Assets.xcassets in Resources */ = {isa = PBXBuildFile; fileRef = C961B01724ADD113008AF274 /* Assets.xcassets */; };
		C961B01B24ADD113008AF274 /* Preview Assets.xcassets in Resources */ = {isa = PBXBuildFile; fileRef = C961B01A24ADD113008AF274 /* Preview Assets.xcassets */; };
		C961B01E24ADD113008AF274 /* LaunchScreen.storyboard in Resources */ = {isa = PBXBuildFile; fileRef = C961B01C24ADD113008AF274 /* LaunchScreen.storyboard */; };
		C961B02D24ADD1EF008AF274 /* HomeScreen.swift in Sources */ = {isa = PBXBuildFile; fileRef = C961B02C24ADD1EF008AF274 /* HomeScreen.swift */; };
		C961B02F24ADD1FB008AF274 /* AboutScreen.swift in Sources */ = {isa = PBXBuildFile; fileRef = C961B02E24ADD1FB008AF274 /* AboutScreen.swift */; };
		C961B03124ADD208008AF274 /* DetailScreen.swift in Sources */ = {isa = PBXBuildFile; fileRef = C961B03024ADD208008AF274 /* DetailScreen.swift */; };
		C961B03324ADD214008AF274 /* GameRow.swift in Sources */ = {isa = PBXBuildFile; fileRef = C961B03224ADD214008AF274 /* GameRow.swift */; };
		C961B03524ADD221008AF274 /* ProgressBar.swift in Sources */ = {isa = PBXBuildFile; fileRef = C961B03424ADD221008AF274 /* ProgressBar.swift */; };
		C961B03724ADD257008AF274 /* AccountSnippet.swift in Sources */ = {isa = PBXBuildFile; fileRef = C961B03624ADD257008AF274 /* AccountSnippet.swift */; };
		C961B03924ADD276008AF274 /* FindRow.swift in Sources */ = {isa = PBXBuildFile; fileRef = C961B03824ADD276008AF274 /* FindRow.swift */; };
		C961B03B24ADD52D008AF274 /* GamesReponse.swift in Sources */ = {isa = PBXBuildFile; fileRef = C961B03A24ADD52D008AF274 /* GamesReponse.swift */; };
		C961B04D24AE31A4008AF274 /* Chip.swift in Sources */ = {isa = PBXBuildFile; fileRef = C961B04C24AE31A4008AF274 /* Chip.swift */; };
		C97669AE2551180D00325594 /* ContentView.swift in Sources */ = {isa = PBXBuildFile; fileRef = C97669AD2551180D00325594 /* ContentView.swift */; };
		C97669B825511D0D00325594 /* GamebookRepository.swift in Sources */ = {isa = PBXBuildFile; fileRef = C97669B725511D0D00325594 /* GamebookRepository.swift */; };
		C97669BD25511D2A00325594 /* LocalDataSource.swift in Sources */ = {isa = PBXBuildFile; fileRef = C97669BC25511D2A00325594 /* LocalDataSource.swift */; };
		C97669C125511D4A00325594 /* RemoteDataSource.swift in Sources */ = {isa = PBXBuildFile; fileRef = C97669C025511D4A00325594 /* RemoteDataSource.swift */; };
		C97669C625511DC100325594 /* GameEntity.swift in Sources */ = {isa = PBXBuildFile; fileRef = C97669C525511DC100325594 /* GameEntity.swift */; };
		C9794328255145FC00189390 /* CustomError+Ext.swift in Sources */ = {isa = PBXBuildFile; fileRef = C9794327255145FC00189390 /* CustomError+Ext.swift */; };
		C979432D2551495B00189390 /* GameModel.swift in Sources */ = {isa = PBXBuildFile; fileRef = C979432C2551495B00189390 /* GameModel.swift */; };
		C97943382551A31E00189390 /* HomeInteractor.swift in Sources */ = {isa = PBXBuildFile; fileRef = C97943372551A31E00189390 /* HomeInteractor.swift */; };
		C979433C2551A33100189390 /* DetailInteractor.swift in Sources */ = {isa = PBXBuildFile; fileRef = C979433B2551A33100189390 /* DetailInteractor.swift */; };
		C97943442551A60700189390 /* CommonModules.swift in Sources */ = {isa = PBXBuildFile; fileRef = C97943432551A60700189390 /* CommonModules.swift */; };
		C97943472551A61600189390 /* AppComponent.swift in Sources */ = {isa = PBXBuildFile; fileRef = C97943462551A61600189390 /* AppComponent.swift */; };
		C97943502551A82500189390 /* DetailPresenter.swift in Sources */ = {isa = PBXBuildFile; fileRef = C979434F2551A82500189390 /* DetailPresenter.swift */; };
		C979435D2551A91900189390 /* View+Ext.swift in Sources */ = {isa = PBXBuildFile; fileRef = C979435C2551A91900189390 /* View+Ext.swift */; };
		C97943642551AE7600189390 /* HomePresenter.swift in Sources */ = {isa = PBXBuildFile; fileRef = C97943632551AE7600189390 /* HomePresenter.swift */; };
		C97943682551AEA800189390 /* HomeRouter.swift in Sources */ = {isa = PBXBuildFile; fileRef = C97943672551AEA800189390 /* HomeRouter.swift */; };
		C97E0F302552A00B00E3E975 /* LikedGameIdEntity.swift in Sources */ = {isa = PBXBuildFile; fileRef = C97E0F2F2552A00B00E3E975 /* LikedGameIdEntity.swift */; };
		C9B8DD1C24AEEE3E0058299A /* UserModel.swift in Sources */ = {isa = PBXBuildFile; fileRef = C9B8DD1B24AEEE3E0058299A /* UserModel.swift */; };
		C9B8DD2924AF27EC0058299A /* SearchBar.swift in Sources */ = {isa = PBXBuildFile; fileRef = C9B8DD2824AF27EC0058299A /* SearchBar.swift */; };
		C9E0F753255695E1007144C3 /* FavoritePresenter.swift in Sources */ = {isa = PBXBuildFile; fileRef = C9E0F752255695E1007144C3 /* FavoritePresenter.swift */; };
		C9E0F75725569703007144C3 /* FavoriteRouter.swift in Sources */ = {isa = PBXBuildFile; fileRef = C9E0F75625569703007144C3 /* FavoriteRouter.swift */; };
		C9F738CE25553B7E008A00CB /* FavoriteInteractor.swift in Sources */ = {isa = PBXBuildFile; fileRef = C9F738CD25553B7E008A00CB /* FavoriteInteractor.swift */; };
		C9FD68C825601D250047B912 /* ShimmerView.swift in Sources */ = {isa = PBXBuildFile; fileRef = C9FD68C725601D250047B912 /* ShimmerView.swift */; };
/* End PBXBuildFile section */

/* Begin PBXFileReference section */
		542B7409A2701E29009F2D5C /* Pods-gamebook.debug.xcconfig */ = {isa = PBXFileReference; includeInIndex = 1; lastKnownFileType = text.xcconfig; name = "Pods-gamebook.debug.xcconfig"; path = "Target Support Files/Pods-gamebook/Pods-gamebook.debug.xcconfig"; sourceTree = "<group>"; };
		A24D3D25F62125C7EBCBCB08 /* Pods_gamebook.framework */ = {isa = PBXFileReference; explicitFileType = wrapper.framework; includeInIndex = 0; path = Pods_gamebook.framework; sourceTree = BUILT_PRODUCTS_DIR; };
		A6C15B06681E4BBF703D97C9 /* Pods-gamebook.release.xcconfig */ = {isa = PBXFileReference; includeInIndex = 1; lastKnownFileType = text.xcconfig; name = "Pods-gamebook.release.xcconfig"; path = "Target Support Files/Pods-gamebook/Pods-gamebook.release.xcconfig"; sourceTree = "<group>"; };
		C901A98C25611D8700180B24 /* Dimens.swift */ = {isa = PBXFileReference; lastKnownFileType = sourcecode.swift; path = Dimens.swift; sourceTree = "<group>"; };
		C906303D24BCC87200EB4F98 /* EditProfileScreen.swift */ = {isa = PBXFileReference; lastKnownFileType = sourcecode.swift; path = EditProfileScreen.swift; sourceTree = "<group>"; };
		C906303F24BCCA9400EB4F98 /* Fab.swift */ = {isa = PBXFileReference; lastKnownFileType = sourcecode.swift; path = Fab.swift; sourceTree = "<group>"; };
		C90FC3562557A89000D17864 /* AboutPresenter.swift */ = {isa = PBXFileReference; lastKnownFileType = sourcecode.swift; path = AboutPresenter.swift; sourceTree = "<group>"; };
		C92A34412546C686001271EB /* .swiftlint.yml */ = {isa = PBXFileReference; lastKnownFileType = text.yaml; path = .swiftlint.yml; sourceTree = "<group>"; };
		C92BAB0D24B8A79B0026567F /* FavoriteScreen.swift */ = {isa = PBXFileReference; lastKnownFileType = sourcecode.swift; path = FavoriteScreen.swift; sourceTree = "<group>"; };
		C92BAB0F24B8B2220026567F /* FavoriteRow.swift */ = {isa = PBXFileReference; lastKnownFileType = sourcecode.swift; path = FavoriteRow.swift; sourceTree = "<group>"; };
		C92BAB1124B8BAF60026567F /* LikeButton.swift */ = {isa = PBXFileReference; lastKnownFileType = sourcecode.swift; path = LikeButton.swift; sourceTree = "<group>"; };
		C961B00E24ADD112008AF274 /* gamebook.app */ = {isa = PBXFileReference; explicitFileType = wrapper.application; includeInIndex = 0; path = gamebook.app; sourceTree = BUILT_PRODUCTS_DIR; };
		C961B01124ADD112008AF274 /* AppDelegate.swift */ = {isa = PBXFileReference; lastKnownFileType = sourcecode.swift; path = AppDelegate.swift; sourceTree = "<group>"; };
		C961B01324ADD112008AF274 /* SceneDelegate.swift */ = {isa = PBXFileReference; lastKnownFileType = sourcecode.swift; path = SceneDelegate.swift; sourceTree = "<group>"; };
		C961B01724ADD113008AF274 /* Assets.xcassets */ = {isa = PBXFileReference; lastKnownFileType = folder.assetcatalog; path = Assets.xcassets; sourceTree = "<group>"; };
		C961B01A24ADD113008AF274 /* Preview Assets.xcassets */ = {isa = PBXFileReference; lastKnownFileType = folder.assetcatalog; path = "Preview Assets.xcassets"; sourceTree = "<group>"; };
		C961B01D24ADD113008AF274 /* Base */ = {isa = PBXFileReference; lastKnownFileType = file.storyboard; name = Base; path = Base.lproj/LaunchScreen.storyboard; sourceTree = "<group>"; };
		C961B01F24ADD113008AF274 /* Info.plist */ = {isa = PBXFileReference; lastKnownFileType = text.plist.xml; path = Info.plist; sourceTree = "<group>"; };
		C961B02C24ADD1EF008AF274 /* HomeScreen.swift */ = {isa = PBXFileReference; lastKnownFileType = sourcecode.swift; path = HomeScreen.swift; sourceTree = "<group>"; };
		C961B02E24ADD1FB008AF274 /* AboutScreen.swift */ = {isa = PBXFileReference; lastKnownFileType = sourcecode.swift; path = AboutScreen.swift; sourceTree = "<group>"; };
		C961B03024ADD208008AF274 /* DetailScreen.swift */ = {isa = PBXFileReference; lastKnownFileType = sourcecode.swift; path = DetailScreen.swift; sourceTree = "<group>"; };
		C961B03224ADD214008AF274 /* GameRow.swift */ = {isa = PBXFileReference; lastKnownFileType = sourcecode.swift; path = GameRow.swift; sourceTree = "<group>"; };
		C961B03424ADD221008AF274 /* ProgressBar.swift */ = {isa = PBXFileReference; lastKnownFileType = sourcecode.swift; path = ProgressBar.swift; sourceTree = "<group>"; };
		C961B03624ADD257008AF274 /* AccountSnippet.swift */ = {isa = PBXFileReference; lastKnownFileType = sourcecode.swift; path = AccountSnippet.swift; sourceTree = "<group>"; };
		C961B03824ADD276008AF274 /* FindRow.swift */ = {isa = PBXFileReference; lastKnownFileType = sourcecode.swift; path = FindRow.swift; sourceTree = "<group>"; };
		C961B03A24ADD52D008AF274 /* GamesReponse.swift */ = {isa = PBXFileReference; lastKnownFileType = sourcecode.swift; path = GamesReponse.swift; sourceTree = "<group>"; };
		C961B04C24AE31A4008AF274 /* Chip.swift */ = {isa = PBXFileReference; lastKnownFileType = sourcecode.swift; path = Chip.swift; sourceTree = "<group>"; };
		C97669AD2551180D00325594 /* ContentView.swift */ = {isa = PBXFileReference; lastKnownFileType = sourcecode.swift; path = ContentView.swift; sourceTree = "<group>"; };
		C97669B725511D0D00325594 /* GamebookRepository.swift */ = {isa = PBXFileReference; lastKnownFileType = sourcecode.swift; path = GamebookRepository.swift; sourceTree = "<group>"; };
		C97669BC25511D2A00325594 /* LocalDataSource.swift */ = {isa = PBXFileReference; lastKnownFileType = sourcecode.swift; path = LocalDataSource.swift; sourceTree = "<group>"; };
		C97669C025511D4A00325594 /* RemoteDataSource.swift */ = {isa = PBXFileReference; lastKnownFileType = sourcecode.swift; path = RemoteDataSource.swift; sourceTree = "<group>"; };
		C97669C525511DC100325594 /* GameEntity.swift */ = {isa = PBXFileReference; lastKnownFileType = sourcecode.swift; path = GameEntity.swift; sourceTree = "<group>"; };
		C9794327255145FC00189390 /* CustomError+Ext.swift */ = {isa = PBXFileReference; lastKnownFileType = sourcecode.swift; path = "CustomError+Ext.swift"; sourceTree = "<group>"; };
		C979432C2551495B00189390 /* GameModel.swift */ = {isa = PBXFileReference; lastKnownFileType = sourcecode.swift; path = GameModel.swift; sourceTree = "<group>"; };
		C97943372551A31E00189390 /* HomeInteractor.swift */ = {isa = PBXFileReference; lastKnownFileType = sourcecode.swift; path = HomeInteractor.swift; sourceTree = "<group>"; };
		C979433B2551A33100189390 /* DetailInteractor.swift */ = {isa = PBXFileReference; lastKnownFileType = sourcecode.swift; path = DetailInteractor.swift; sourceTree = "<group>"; };
		C97943432551A60700189390 /* CommonModules.swift */ = {isa = PBXFileReference; lastKnownFileType = sourcecode.swift; path = CommonModules.swift; sourceTree = "<group>"; };
		C97943462551A61600189390 /* AppComponent.swift */ = {isa = PBXFileReference; lastKnownFileType = sourcecode.swift; path = AppComponent.swift; sourceTree = "<group>"; };
		C979434F2551A82500189390 /* DetailPresenter.swift */ = {isa = PBXFileReference; lastKnownFileType = sourcecode.swift; path = DetailPresenter.swift; sourceTree = "<group>"; };
		C979435C2551A91900189390 /* View+Ext.swift */ = {isa = PBXFileReference; lastKnownFileType = sourcecode.swift; path = "View+Ext.swift"; sourceTree = "<group>"; };
		C97943632551AE7600189390 /* HomePresenter.swift */ = {isa = PBXFileReference; lastKnownFileType = sourcecode.swift; path = HomePresenter.swift; sourceTree = "<group>"; };
		C97943672551AEA800189390 /* HomeRouter.swift */ = {isa = PBXFileReference; lastKnownFileType = sourcecode.swift; path = HomeRouter.swift; sourceTree = "<group>"; };
		C97E0F2F2552A00B00E3E975 /* LikedGameIdEntity.swift */ = {isa = PBXFileReference; lastKnownFileType = sourcecode.swift; path = LikedGameIdEntity.swift; sourceTree = "<group>"; };
		C9B8DD1B24AEEE3E0058299A /* UserModel.swift */ = {isa = PBXFileReference; lastKnownFileType = sourcecode.swift; path = UserModel.swift; sourceTree = "<group>"; };
		C9B8DD2824AF27EC0058299A /* SearchBar.swift */ = {isa = PBXFileReference; lastKnownFileType = sourcecode.swift; path = SearchBar.swift; sourceTree = "<group>"; };
		C9E0F752255695E1007144C3 /* FavoritePresenter.swift */ = {isa = PBXFileReference; lastKnownFileType = sourcecode.swift; path = FavoritePresenter.swift; sourceTree = "<group>"; };
		C9E0F75625569703007144C3 /* FavoriteRouter.swift */ = {isa = PBXFileReference; lastKnownFileType = sourcecode.swift; path = FavoriteRouter.swift; sourceTree = "<group>"; };
		C9F738CD25553B7E008A00CB /* FavoriteInteractor.swift */ = {isa = PBXFileReference; lastKnownFileType = sourcecode.swift; path = FavoriteInteractor.swift; sourceTree = "<group>"; };
		C9FD68C725601D250047B912 /* ShimmerView.swift */ = {isa = PBXFileReference; lastKnownFileType = sourcecode.swift; path = ShimmerView.swift; sourceTree = "<group>"; };
/* End PBXFileReference section */

/* Begin PBXFrameworksBuildPhase section */
		C961B00B24ADD112008AF274 /* Frameworks */ = {
			isa = PBXFrameworksBuildPhase;
			buildActionMask = 2147483647;
			files = (
				C900909225505BC300E90D75 /* Cleanse in Frameworks */,
				C900908E25504AD500E90D75 /* SDWebImageSwiftUI in Frameworks */,
				C9009086255046CF00E90D75 /* Alamofire in Frameworks */,
				C9009082255045B100E90D75 /* Realm in Frameworks */,
				C900908A2550478300E90D75 /* SDWebImage in Frameworks */,
				C9009080255045B100E90D75 /* RealmSwift in Frameworks */,
				95B6724B085EA0EB17D956F1 /* Pods_gamebook.framework in Frameworks */,
			);
			runOnlyForDeploymentPostprocessing = 0;
		};
/* End PBXFrameworksBuildPhase section */

/* Begin PBXGroup section */
		2B3BA406F6BD2FC74CA9D50D /* Frameworks */ = {
			isa = PBXGroup;
			children = (
				A24D3D25F62125C7EBCBCB08 /* Pods_gamebook.framework */,
			);
			name = Frameworks;
			sourceTree = "<group>";
		};
		7F2AF4230B5D907756F9B4DF /* Pods */ = {
			isa = PBXGroup;
			children = (
				542B7409A2701E29009F2D5C /* Pods-gamebook.debug.xcconfig */,
				A6C15B06681E4BBF703D97C9 /* Pods-gamebook.release.xcconfig */,
			);
			path = Pods;
			sourceTree = "<group>";
		};
		C901A98B25611D5F00180B24 /* Theme */ = {
			isa = PBXGroup;
			children = (
				C901A98C25611D8700180B24 /* Dimens.swift */,
			);
			path = Theme;
			sourceTree = "<group>";
		};
		C961B00524ADD112008AF274 = {
			isa = PBXGroup;
			children = (
				C92A34412546C686001271EB /* .swiftlint.yml */,
				C961B01024ADD112008AF274 /* gamebook */,
				C961B00F24ADD112008AF274 /* Products */,
				7F2AF4230B5D907756F9B4DF /* Pods */,
				2B3BA406F6BD2FC74CA9D50D /* Frameworks */,
			);
			sourceTree = "<group>";
		};
		C961B00F24ADD112008AF274 /* Products */ = {
			isa = PBXGroup;
			children = (
				C961B00E24ADD112008AF274 /* gamebook.app */,
			);
			name = Products;
			sourceTree = "<group>";
		};
		C961B01024ADD112008AF274 /* gamebook */ = {
			isa = PBXGroup;
			children = (
				C901A98B25611D5F00180B24 /* Theme */,
				C97943492551A7D700189390 /* Module */,
				C97669B025511CC800325594 /* Core */,
				C97669AC255117DA00325594 /* App */,
				C961B01724ADD113008AF274 /* Assets.xcassets */,
				C961B01C24ADD113008AF274 /* LaunchScreen.storyboard */,
				C961B01F24ADD113008AF274 /* Info.plist */,
				C961B01924ADD113008AF274 /* Preview Content */,
			);
			path = gamebook;
			sourceTree = "<group>";
		};
		C961B01924ADD113008AF274 /* Preview Content */ = {
			isa = PBXGroup;
			children = (
				C961B01A24ADD113008AF274 /* Preview Assets.xcassets */,
			);
			path = "Preview Content";
			sourceTree = "<group>";
		};
		C97669AC255117DA00325594 /* App */ = {
			isa = PBXGroup;
			children = (
				C961B01124ADD112008AF274 /* AppDelegate.swift */,
				C961B01324ADD112008AF274 /* SceneDelegate.swift */,
				C97669AD2551180D00325594 /* ContentView.swift */,
			);
			path = App;
			sourceTree = "<group>";
		};
		C97669B025511CC800325594 /* Core */ = {
			isa = PBXGroup;
			children = (
				C97669B425511CE600325594 /* Utils */,
				C97669B325511CDC00325594 /* Domain */,
				C97669B225511CD600325594 /* DI */,
				C97669B125511CD000325594 /* Data */,
			);
			path = Core;
			sourceTree = "<group>";
		};
		C97669B125511CD000325594 /* Data */ = {
			isa = PBXGroup;
			children = (
				C97669B625511CF400325594 /* Remote */,
				C97669B525511CEF00325594 /* Local */,
				C97669B725511D0D00325594 /* GamebookRepository.swift */,
			);
			path = Data;
			sourceTree = "<group>";
		};
		C97669B225511CD600325594 /* DI */ = {
			isa = PBXGroup;
			children = (
				C97943432551A60700189390 /* CommonModules.swift */,
				C97943462551A61600189390 /* AppComponent.swift */,
			);
			path = DI;
			sourceTree = "<group>";
		};
		C97669B325511CDC00325594 /* Domain */ = {
			isa = PBXGroup;
			children = (
				C97943362551A30600189390 /* UseCase */,
				C97669C325511D7E00325594 /* Model */,
			);
			path = Domain;
			sourceTree = "<group>";
		};
		C97669B425511CE600325594 /* Utils */ = {
			isa = PBXGroup;
			children = (
				C9794326255145C700189390 /* Extensions */,
			);
			path = Utils;
			sourceTree = "<group>";
		};
		C97669B525511CEF00325594 /* Local */ = {
			isa = PBXGroup;
			children = (
				C97669BB25511D1900325594 /* Entity */,
				C97669BC25511D2A00325594 /* LocalDataSource.swift */,
			);
			path = Local;
			sourceTree = "<group>";
		};
		C97669B625511CF400325594 /* Remote */ = {
			isa = PBXGroup;
			children = (
				C97669BF25511D3500325594 /* Response */,
				C97669C025511D4A00325594 /* RemoteDataSource.swift */,
			);
			path = Remote;
			sourceTree = "<group>";
		};
		C97669BB25511D1900325594 /* Entity */ = {
			isa = PBXGroup;
			children = (
				C97669C525511DC100325594 /* GameEntity.swift */,
				C97E0F2F2552A00B00E3E975 /* LikedGameIdEntity.swift */,
			);
			path = Entity;
			sourceTree = "<group>";
		};
		C97669BF25511D3500325594 /* Response */ = {
			isa = PBXGroup;
			children = (
				C961B03A24ADD52D008AF274 /* GamesReponse.swift */,
			);
			path = Response;
			sourceTree = "<group>";
		};
		C97669C325511D7E00325594 /* Model */ = {
			isa = PBXGroup;
			children = (
				C9B8DD1B24AEEE3E0058299A /* UserModel.swift */,
				C979432C2551495B00189390 /* GameModel.swift */,
			);
			path = Model;
			sourceTree = "<group>";
		};
		C9794326255145C700189390 /* Extensions */ = {
			isa = PBXGroup;
			children = (
				C9794327255145FC00189390 /* CustomError+Ext.swift */,
				C979435C2551A91900189390 /* View+Ext.swift */,
			);
			path = Extensions;
			sourceTree = "<group>";
		};
		C97943362551A30600189390 /* UseCase */ = {
			isa = PBXGroup;
			children = (
				C97943372551A31E00189390 /* HomeInteractor.swift */,
				C979433B2551A33100189390 /* DetailInteractor.swift */,
				C9F738CD25553B7E008A00CB /* FavoriteInteractor.swift */,
			);
			path = UseCase;
			sourceTree = "<group>";
		};
		C97943492551A7D700189390 /* Module */ = {
			isa = PBXGroup;
			children = (
				C9E0F74F2556921C007144C3 /* SharedView */,
				C97943572551A87A00189390 /* Favorite */,
				C97943542551A85200189390 /* About */,
				C979434B2551A7E700189390 /* Detail */,
				C979434A2551A7DF00189390 /* Home */,
			);
			path = Module;
			sourceTree = "<group>";
		};
		C979434A2551A7DF00189390 /* Home */ = {
			isa = PBXGroup;
			children = (
				C97943532551A84700189390 /* Router */,
				C97943522551A83E00189390 /* Presenter */,
				C979434C2551A7FA00189390 /* View */,
			);
			path = Home;
			sourceTree = "<group>";
		};
		C979434B2551A7E700189390 /* Detail */ = {
			isa = PBXGroup;
			children = (
				C979434E2551A81200189390 /* Presenter */,
				C979434D2551A80A00189390 /* View */,
			);
			path = Detail;
			sourceTree = "<group>";
		};
		C979434C2551A7FA00189390 /* View */ = {
			isa = PBXGroup;
			children = (
				C961B02C24ADD1EF008AF274 /* HomeScreen.swift */,
				C961B03824ADD276008AF274 /* FindRow.swift */,
				C9B8DD2824AF27EC0058299A /* SearchBar.swift */,
				C961B03424ADD221008AF274 /* ProgressBar.swift */,
				C961B03624ADD257008AF274 /* AccountSnippet.swift */,
				C92BAB0F24B8B2220026567F /* FavoriteRow.swift */,
			);
			path = View;
			sourceTree = "<group>";
		};
		C979434D2551A80A00189390 /* View */ = {
			isa = PBXGroup;
			children = (
				C961B03024ADD208008AF274 /* DetailScreen.swift */,
			);
			path = View;
			sourceTree = "<group>";
		};
		C979434E2551A81200189390 /* Presenter */ = {
			isa = PBXGroup;
			children = (
				C979434F2551A82500189390 /* DetailPresenter.swift */,
			);
			path = Presenter;
			sourceTree = "<group>";
		};
		C97943522551A83E00189390 /* Presenter */ = {
			isa = PBXGroup;
			children = (
				C97943632551AE7600189390 /* HomePresenter.swift */,
			);
			path = Presenter;
			sourceTree = "<group>";
		};
		C97943532551A84700189390 /* Router */ = {
			isa = PBXGroup;
			children = (
				C97943672551AEA800189390 /* HomeRouter.swift */,
			);
			path = Router;
			sourceTree = "<group>";
		};
		C97943542551A85200189390 /* About */ = {
			isa = PBXGroup;
			children = (
				C97943562551A86000189390 /* Presenter */,
				C97943552551A85700189390 /* View */,
			);
			path = About;
			sourceTree = "<group>";
		};
		C97943552551A85700189390 /* View */ = {
			isa = PBXGroup;
			children = (
				C961B02E24ADD1FB008AF274 /* AboutScreen.swift */,
				C906303D24BCC87200EB4F98 /* EditProfileScreen.swift */,
				C906303F24BCCA9400EB4F98 /* Fab.swift */,
			);
			path = View;
			sourceTree = "<group>";
		};
		C97943562551A86000189390 /* Presenter */ = {
			isa = PBXGroup;
			children = (
				C90FC3562557A89000D17864 /* AboutPresenter.swift */,
			);
			path = Presenter;
			sourceTree = "<group>";
		};
		C97943572551A87A00189390 /* Favorite */ = {
			isa = PBXGroup;
			children = (
				C9E0F755255696F2007144C3 /* Router */,
				C97943592551A88A00189390 /* Presenter */,
				C97943582551A88400189390 /* View */,
			);
			path = Favorite;
			sourceTree = "<group>";
		};
		C97943582551A88400189390 /* View */ = {
			isa = PBXGroup;
			children = (
				C92BAB0D24B8A79B0026567F /* FavoriteScreen.swift */,
			);
			path = View;
			sourceTree = "<group>";
		};
		C97943592551A88A00189390 /* Presenter */ = {
			isa = PBXGroup;
			children = (
				C9E0F752255695E1007144C3 /* FavoritePresenter.swift */,
			);
			path = Presenter;
			sourceTree = "<group>";
		};
		C9E0F74F2556921C007144C3 /* SharedView */ = {
			isa = PBXGroup;
			children = (
				C961B03224ADD214008AF274 /* GameRow.swift */,
				C961B04C24AE31A4008AF274 /* Chip.swift */,
				C92BAB1124B8BAF60026567F /* LikeButton.swift */,
				C9FD68C725601D250047B912 /* ShimmerView.swift */,
			);
			path = SharedView;
			sourceTree = "<group>";
		};
		C9E0F755255696F2007144C3 /* Router */ = {
			isa = PBXGroup;
			children = (
				C9E0F75625569703007144C3 /* FavoriteRouter.swift */,
			);
			path = Router;
			sourceTree = "<group>";
		};
/* End PBXGroup section */

/* Begin PBXNativeTarget section */
		C961B00D24ADD112008AF274 /* gamebook */ = {
			isa = PBXNativeTarget;
			buildConfigurationList = C961B02224ADD113008AF274 /* Build configuration list for PBXNativeTarget "gamebook" */;
			buildPhases = (
				5A8631B31B7EB4A7FC3D0D5D /* [CP] Check Pods Manifest.lock */,
				C961B00A24ADD112008AF274 /* Sources */,
				C961B00B24ADD112008AF274 /* Frameworks */,
				C961B00C24ADD112008AF274 /* Resources */,
				C92A343F2546C541001271EB /* ShellScript */,
			);
			buildRules = (
			);
			dependencies = (
			);
			name = gamebook;
			packageProductDependencies = (
				C900907F255045B100E90D75 /* RealmSwift */,
				C9009081255045B100E90D75 /* Realm */,
				C9009085255046CF00E90D75 /* Alamofire */,
				C90090892550478300E90D75 /* SDWebImage */,
				C900908D25504AD500E90D75 /* SDWebImageSwiftUI */,
				C900909125505BC300E90D75 /* Cleanse */,
			);
			productName = "fundamental-sub-one";
			productReference = C961B00E24ADD112008AF274 /* gamebook.app */;
			productType = "com.apple.product-type.application";
		};
/* End PBXNativeTarget section */

/* Begin PBXProject section */
		C961B00624ADD112008AF274 /* Project object */ = {
			isa = PBXProject;
			attributes = {
				LastSwiftUpdateCheck = 1150;
				LastUpgradeCheck = 1200;
				ORGANIZATIONNAME = "Abdul Chathil";
				TargetAttributes = {
					C961B00D24ADD112008AF274 = {
						CreatedOnToolsVersion = 11.5;
					};
				};
			};
			buildConfigurationList = C961B00924ADD112008AF274 /* Build configuration list for PBXProject "gamebook" */;
			compatibilityVersion = "Xcode 9.3";
			developmentRegion = en;
			hasScannedForEncodings = 0;
			knownRegions = (
				en,
				Base,
			);
			mainGroup = C961B00524ADD112008AF274;
			packageReferences = (
				C900907E255045B100E90D75 /* XCRemoteSwiftPackageReference "realm-cocoa" */,
				C9009084255046CF00E90D75 /* XCRemoteSwiftPackageReference "Alamofire" */,
				C90090882550478300E90D75 /* XCRemoteSwiftPackageReference "SDWebImage" */,
				C900908C25504AD500E90D75 /* XCRemoteSwiftPackageReference "SDWebImageSwiftUI" */,
				C900909025505BC300E90D75 /* XCRemoteSwiftPackageReference "Cleanse" */,
			);
			productRefGroup = C961B00F24ADD112008AF274 /* Products */;
			projectDirPath = "";
			projectRoot = "";
			targets = (
				C961B00D24ADD112008AF274 /* gamebook */,
			);
		};
/* End PBXProject section */

/* Begin PBXResourcesBuildPhase section */
		C961B00C24ADD112008AF274 /* Resources */ = {
			isa = PBXResourcesBuildPhase;
			buildActionMask = 2147483647;
			files = (
				C92A34422546C686001271EB /* .swiftlint.yml in Resources */,
				C961B01E24ADD113008AF274 /* LaunchScreen.storyboard in Resources */,
				C961B01B24ADD113008AF274 /* Preview Assets.xcassets in Resources */,
				C961B01824ADD113008AF274 /* Assets.xcassets in Resources */,
			);
			runOnlyForDeploymentPostprocessing = 0;
		};
/* End PBXResourcesBuildPhase section */

/* Begin PBXShellScriptBuildPhase section */
		5A8631B31B7EB4A7FC3D0D5D /* [CP] Check Pods Manifest.lock */ = {
			isa = PBXShellScriptBuildPhase;
			buildActionMask = 2147483647;
			files = (
			);
			inputFileListPaths = (
			);
			inputPaths = (
				"${PODS_PODFILE_DIR_PATH}/Podfile.lock",
				"${PODS_ROOT}/Manifest.lock",
			);
			name = "[CP] Check Pods Manifest.lock";
			outputFileListPaths = (
			);
			outputPaths = (
				"$(DERIVED_FILE_DIR)/Pods-gamebook-checkManifestLockResult.txt",
			);
			runOnlyForDeploymentPostprocessing = 0;
			shellPath = /bin/sh;
			shellScript = "diff \"${PODS_PODFILE_DIR_PATH}/Podfile.lock\" \"${PODS_ROOT}/Manifest.lock\" > /dev/null\nif [ $? != 0 ] ; then\n    # print error to STDERR\n    echo \"error: The sandbox is not in sync with the Podfile.lock. Run 'pod install' or update your CocoaPods installation.\" >&2\n    exit 1\nfi\n# This output is used by Xcode 'outputs' to avoid re-running this script phase.\necho \"SUCCESS\" > \"${SCRIPT_OUTPUT_FILE_0}\"\n";
			showEnvVarsInLog = 0;
		};
		C92A343F2546C541001271EB /* ShellScript */ = {
			isa = PBXShellScriptBuildPhase;
			buildActionMask = 2147483647;
			files = (
			);
			inputFileListPaths = (
			);
			inputPaths = (
			);
			outputFileListPaths = (
			);
			outputPaths = (
			);
			runOnlyForDeploymentPostprocessing = 0;
			shellPath = /bin/sh;
			shellScript = "if which \"${PODS_ROOT}/SwiftLint/swiftlint\" >/dev/null; then\n    ${PODS_ROOT}/SwiftLint/swiftlint\nelse\n    echo \"warning: SwiftLint not installed, download from https://github.com/realm/SwiftLint\"\nfi\n";
		};
/* End PBXShellScriptBuildPhase section */

/* Begin PBXSourcesBuildPhase section */
		C961B00A24ADD112008AF274 /* Sources */ = {
			isa = PBXSourcesBuildPhase;
			buildActionMask = 2147483647;
			files = (
				C979435D2551A91900189390 /* View+Ext.swift in Sources */,
				C961B01224ADD112008AF274 /* AppDelegate.swift in Sources */,
				C97943472551A61600189390 /* AppComponent.swift in Sources */,
				C961B02D24ADD1EF008AF274 /* HomeScreen.swift in Sources */,
				C961B03924ADD276008AF274 /* FindRow.swift in Sources */,
				C92BAB1224B8BAF60026567F /* LikeButton.swift in Sources */,
				C906303E24BCC87200EB4F98 /* EditProfileScreen.swift in Sources */,
				C961B03324ADD214008AF274 /* GameRow.swift in Sources */,
				C9794328255145FC00189390 /* CustomError+Ext.swift in Sources */,
				C9E0F753255695E1007144C3 /* FavoritePresenter.swift in Sources */,
				C906304024BCCA9400EB4F98 /* Fab.swift in Sources */,
				C961B03724ADD257008AF274 /* AccountSnippet.swift in Sources */,
				C9FD68C825601D250047B912 /* ShimmerView.swift in Sources */,
				C90FC3572557A89000D17864 /* AboutPresenter.swift in Sources */,
				C97669C125511D4A00325594 /* RemoteDataSource.swift in Sources */,
				C97943382551A31E00189390 /* HomeInteractor.swift in Sources */,
				C97669AE2551180D00325594 /* ContentView.swift in Sources */,
				C901A98D25611D8700180B24 /* Dimens.swift in Sources */,
				C9F738CE25553B7E008A00CB /* FavoriteInteractor.swift in Sources */,
				C9E0F75725569703007144C3 /* FavoriteRouter.swift in Sources */,
				C961B03524ADD221008AF274 /* ProgressBar.swift in Sources */,
				C97669C625511DC100325594 /* GameEntity.swift in Sources */,
				C92BAB1024B8B2220026567F /* FavoriteRow.swift in Sources */,
				C961B03B24ADD52D008AF274 /* GamesReponse.swift in Sources */,
				C961B01424ADD112008AF274 /* SceneDelegate.swift in Sources */,
				C979432D2551495B00189390 /* GameModel.swift in Sources */,
				C92BAB0E24B8A79B0026567F /* FavoriteScreen.swift in Sources */,
				C97943642551AE7600189390 /* HomePresenter.swift in Sources */,
				C979433C2551A33100189390 /* DetailInteractor.swift in Sources */,
				C9B8DD2924AF27EC0058299A /* SearchBar.swift in Sources */,
				C97943682551AEA800189390 /* HomeRouter.swift in Sources */,
				C97E0F302552A00B00E3E975 /* LikedGameIdEntity.swift in Sources */,
				C97669B825511D0D00325594 /* GamebookRepository.swift in Sources */,
				C961B04D24AE31A4008AF274 /* Chip.swift in Sources */,
				C97943502551A82500189390 /* DetailPresenter.swift in Sources */,
				C961B03124ADD208008AF274 /* DetailScreen.swift in Sources */,
				C97943442551A60700189390 /* CommonModules.swift in Sources */,
				C97669BD25511D2A00325594 /* LocalDataSource.swift in Sources */,
				C961B02F24ADD1FB008AF274 /* AboutScreen.swift in Sources */,
				C9B8DD1C24AEEE3E0058299A /* UserModel.swift in Sources */,
			);
			runOnlyForDeploymentPostprocessing = 0;
		};
/* End PBXSourcesBuildPhase section */

/* Begin PBXVariantGroup section */
		C961B01C24ADD113008AF274 /* LaunchScreen.storyboard */ = {
			isa = PBXVariantGroup;
			children = (
				C961B01D24ADD113008AF274 /* Base */,
			);
			name = LaunchScreen.storyboard;
			sourceTree = "<group>";
		};
/* End PBXVariantGroup section */

/* Begin XCBuildConfiguration section */
		C961B02024ADD113008AF274 /* Debug */ = {
			isa = XCBuildConfiguration;
			buildSettings = {
				ALWAYS_SEARCH_USER_PATHS = NO;
				CLANG_ANALYZER_NONNULL = YES;
				CLANG_ANALYZER_NUMBER_OBJECT_CONVERSION = YES_AGGRESSIVE;
				CLANG_CXX_LANGUAGE_STANDARD = "gnu++14";
				CLANG_CXX_LIBRARY = "libc++";
				CLANG_ENABLE_MODULES = YES;
				CLANG_ENABLE_OBJC_ARC = YES;
				CLANG_ENABLE_OBJC_WEAK = YES;
				CLANG_WARN_BLOCK_CAPTURE_AUTORELEASING = YES;
				CLANG_WARN_BOOL_CONVERSION = YES;
				CLANG_WARN_COMMA = YES;
				CLANG_WARN_CONSTANT_CONVERSION = YES;
				CLANG_WARN_DEPRECATED_OBJC_IMPLEMENTATIONS = YES;
				CLANG_WARN_DIRECT_OBJC_ISA_USAGE = YES_ERROR;
				CLANG_WARN_DOCUMENTATION_COMMENTS = YES;
				CLANG_WARN_EMPTY_BODY = YES;
				CLANG_WARN_ENUM_CONVERSION = YES;
				CLANG_WARN_INFINITE_RECURSION = YES;
				CLANG_WARN_INT_CONVERSION = YES;
				CLANG_WARN_NON_LITERAL_NULL_CONVERSION = YES;
				CLANG_WARN_OBJC_IMPLICIT_RETAIN_SELF = YES;
				CLANG_WARN_OBJC_LITERAL_CONVERSION = YES;
				CLANG_WARN_OBJC_ROOT_CLASS = YES_ERROR;
				CLANG_WARN_QUOTED_INCLUDE_IN_FRAMEWORK_HEADER = YES;
				CLANG_WARN_RANGE_LOOP_ANALYSIS = YES;
				CLANG_WARN_STRICT_PROTOTYPES = YES;
				CLANG_WARN_SUSPICIOUS_MOVE = YES;
				CLANG_WARN_UNGUARDED_AVAILABILITY = YES_AGGRESSIVE;
				CLANG_WARN_UNREACHABLE_CODE = YES;
				CLANG_WARN__DUPLICATE_METHOD_MATCH = YES;
				COPY_PHASE_STRIP = NO;
				DEBUG_INFORMATION_FORMAT = dwarf;
				ENABLE_STRICT_OBJC_MSGSEND = YES;
				ENABLE_TESTABILITY = YES;
				GCC_C_LANGUAGE_STANDARD = gnu11;
				GCC_DYNAMIC_NO_PIC = NO;
				GCC_NO_COMMON_BLOCKS = YES;
				GCC_OPTIMIZATION_LEVEL = 0;
				GCC_PREPROCESSOR_DEFINITIONS = (
					"DEBUG=1",
					"$(inherited)",
				);
				GCC_WARN_64_TO_32_BIT_CONVERSION = YES;
				GCC_WARN_ABOUT_RETURN_TYPE = YES_ERROR;
				GCC_WARN_UNDECLARED_SELECTOR = YES;
				GCC_WARN_UNINITIALIZED_AUTOS = YES_AGGRESSIVE;
				GCC_WARN_UNUSED_FUNCTION = YES;
				GCC_WARN_UNUSED_VARIABLE = YES;
				IPHONEOS_DEPLOYMENT_TARGET = 13.5;
				MTL_ENABLE_DEBUG_INFO = INCLUDE_SOURCE;
				MTL_FAST_MATH = YES;
				ONLY_ACTIVE_ARCH = YES;
				SDKROOT = iphoneos;
				SWIFT_ACTIVE_COMPILATION_CONDITIONS = DEBUG;
				SWIFT_OPTIMIZATION_LEVEL = "-Onone";
			};
			name = Debug;
		};
		C961B02124ADD113008AF274 /* Release */ = {
			isa = XCBuildConfiguration;
			buildSettings = {
				ALWAYS_SEARCH_USER_PATHS = NO;
				CLANG_ANALYZER_NONNULL = YES;
				CLANG_ANALYZER_NUMBER_OBJECT_CONVERSION = YES_AGGRESSIVE;
				CLANG_CXX_LANGUAGE_STANDARD = "gnu++14";
				CLANG_CXX_LIBRARY = "libc++";
				CLANG_ENABLE_MODULES = YES;
				CLANG_ENABLE_OBJC_ARC = YES;
				CLANG_ENABLE_OBJC_WEAK = YES;
				CLANG_WARN_BLOCK_CAPTURE_AUTORELEASING = YES;
				CLANG_WARN_BOOL_CONVERSION = YES;
				CLANG_WARN_COMMA = YES;
				CLANG_WARN_CONSTANT_CONVERSION = YES;
				CLANG_WARN_DEPRECATED_OBJC_IMPLEMENTATIONS = YES;
				CLANG_WARN_DIRECT_OBJC_ISA_USAGE = YES_ERROR;
				CLANG_WARN_DOCUMENTATION_COMMENTS = YES;
				CLANG_WARN_EMPTY_BODY = YES;
				CLANG_WARN_ENUM_CONVERSION = YES;
				CLANG_WARN_INFINITE_RECURSION = YES;
				CLANG_WARN_INT_CONVERSION = YES;
				CLANG_WARN_NON_LITERAL_NULL_CONVERSION = YES;
				CLANG_WARN_OBJC_IMPLICIT_RETAIN_SELF = YES;
				CLANG_WARN_OBJC_LITERAL_CONVERSION = YES;
				CLANG_WARN_OBJC_ROOT_CLASS = YES_ERROR;
				CLANG_WARN_QUOTED_INCLUDE_IN_FRAMEWORK_HEADER = YES;
				CLANG_WARN_RANGE_LOOP_ANALYSIS = YES;
				CLANG_WARN_STRICT_PROTOTYPES = YES;
				CLANG_WARN_SUSPICIOUS_MOVE = YES;
				CLANG_WARN_UNGUARDED_AVAILABILITY = YES_AGGRESSIVE;
				CLANG_WARN_UNREACHABLE_CODE = YES;
				CLANG_WARN__DUPLICATE_METHOD_MATCH = YES;
				COPY_PHASE_STRIP = NO;
				DEBUG_INFORMATION_FORMAT = "dwarf-with-dsym";
				ENABLE_NS_ASSERTIONS = NO;
				ENABLE_STRICT_OBJC_MSGSEND = YES;
				GCC_C_LANGUAGE_STANDARD = gnu11;
				GCC_NO_COMMON_BLOCKS = YES;
				GCC_WARN_64_TO_32_BIT_CONVERSION = YES;
				GCC_WARN_ABOUT_RETURN_TYPE = YES_ERROR;
				GCC_WARN_UNDECLARED_SELECTOR = YES;
				GCC_WARN_UNINITIALIZED_AUTOS = YES_AGGRESSIVE;
				GCC_WARN_UNUSED_FUNCTION = YES;
				GCC_WARN_UNUSED_VARIABLE = YES;
				IPHONEOS_DEPLOYMENT_TARGET = 13.5;
				MTL_ENABLE_DEBUG_INFO = NO;
				MTL_FAST_MATH = YES;
				SDKROOT = iphoneos;
				SWIFT_COMPILATION_MODE = wholemodule;
				SWIFT_OPTIMIZATION_LEVEL = "-O";
				VALIDATE_PRODUCT = YES;
			};
			name = Release;
		};
		C961B02324ADD113008AF274 /* Debug */ = {
			isa = XCBuildConfiguration;
			baseConfigurationReference = 542B7409A2701E29009F2D5C /* Pods-gamebook.debug.xcconfig */;
			buildSettings = {
				ASSETCATALOG_COMPILER_APPICON_NAME = AppIcon;
				CODE_SIGN_IDENTITY = "Apple Development";
				CODE_SIGN_STYLE = Automatic;
				DEVELOPMENT_ASSET_PATHS = "\"gamebook/Preview Content\"";
				DEVELOPMENT_TEAM = DLJ5AWZAF9;
				ENABLE_PREVIEWS = YES;
				INFOPLIST_FILE = gamebook/Info.plist;
				LD_RUNPATH_SEARCH_PATHS = (
					"$(inherited)",
					"@executable_path/Frameworks",
				);
				MARKETING_VERSION = 2.0;
				PRODUCT_BUNDLE_IDENTIFIER = com.chathil.gamebook;
				PRODUCT_NAME = gamebook;
				PROVISIONING_PROFILE_SPECIFIER = "";
				SWIFT_VERSION = 5.0;
				TARGETED_DEVICE_FAMILY = "1,2";
			};
			name = Debug;
		};
		C961B02424ADD113008AF274 /* Release */ = {
			isa = XCBuildConfiguration;
			baseConfigurationReference = A6C15B06681E4BBF703D97C9 /* Pods-gamebook.release.xcconfig */;
			buildSettings = {
				ASSETCATALOG_COMPILER_APPICON_NAME = AppIcon;
				CODE_SIGN_IDENTITY = "Apple Development";
				CODE_SIGN_STYLE = Automatic;
				DEVELOPMENT_ASSET_PATHS = "\"gamebook/Preview Content\"";
				DEVELOPMENT_TEAM = DLJ5AWZAF9;
				ENABLE_PREVIEWS = YES;
				INFOPLIST_FILE = gamebook/Info.plist;
				LD_RUNPATH_SEARCH_PATHS = (
					"$(inherited)",
					"@executable_path/Frameworks",
				);
				MARKETING_VERSION = 2.0;
				PRODUCT_BUNDLE_IDENTIFIER = com.chathil.gamebook;
				PRODUCT_NAME = gamebook;
				PROVISIONING_PROFILE_SPECIFIER = "";
				SWIFT_VERSION = 5.0;
				TARGETED_DEVICE_FAMILY = "1,2";
			};
			name = Release;
		};
/* End XCBuildConfiguration section */

/* Begin XCConfigurationList section */
		C961B00924ADD112008AF274 /* Build configuration list for PBXProject "gamebook" */ = {
			isa = XCConfigurationList;
			buildConfigurations = (
				C961B02024ADD113008AF274 /* Debug */,
				C961B02124ADD113008AF274 /* Release */,
			);
			defaultConfigurationIsVisible = 0;
			defaultConfigurationName = Release;
		};
		C961B02224ADD113008AF274 /* Build configuration list for PBXNativeTarget "gamebook" */ = {
			isa = XCConfigurationList;
			buildConfigurations = (
				C961B02324ADD113008AF274 /* Debug */,
				C961B02424ADD113008AF274 /* Release */,
			);
			defaultConfigurationIsVisible = 0;
			defaultConfigurationName = Release;
		};
/* End XCConfigurationList section */

/* Begin XCRemoteSwiftPackageReference section */
		C900907E255045B100E90D75 /* XCRemoteSwiftPackageReference "realm-cocoa" */ = {
			isa = XCRemoteSwiftPackageReference;
			repositoryURL = "https://github.com/realm/realm-cocoa";
			requirement = {
				kind = upToNextMajorVersion;
				minimumVersion = 10.1.1;
			};
		};
		C9009084255046CF00E90D75 /* XCRemoteSwiftPackageReference "Alamofire" */ = {
			isa = XCRemoteSwiftPackageReference;
			repositoryURL = "https://github.com/Alamofire/Alamofire";
			requirement = {
				kind = upToNextMajorVersion;
				minimumVersion = 5.3.0;
			};
		};
		C90090882550478300E90D75 /* XCRemoteSwiftPackageReference "SDWebImage" */ = {
			isa = XCRemoteSwiftPackageReference;
			repositoryURL = "https://github.com/SDWebImage/SDWebImage";
			requirement = {
				kind = upToNextMajorVersion;
				minimumVersion = 5.9.4;
			};
		};
		C900908C25504AD500E90D75 /* XCRemoteSwiftPackageReference "SDWebImageSwiftUI" */ = {
			isa = XCRemoteSwiftPackageReference;
			repositoryURL = "https://github.com/SDWebImage/SDWebImageSwiftUI";
			requirement = {
				kind = upToNextMajorVersion;
				minimumVersion = 1.5.0;
			};
		};
		C900909025505BC300E90D75 /* XCRemoteSwiftPackageReference "Cleanse" */ = {
			isa = XCRemoteSwiftPackageReference;
			repositoryURL = "https://github.com/square/Cleanse";
			requirement = {
				kind = upToNextMajorVersion;
				minimumVersion = 4.2.6;
			};
		};
/* End XCRemoteSwiftPackageReference section */

/* Begin XCSwiftPackageProductDependency section */
		C900907F255045B100E90D75 /* RealmSwift */ = {
			isa = XCSwiftPackageProductDependency;
			package = C900907E255045B100E90D75 /* XCRemoteSwiftPackageReference "realm-cocoa" */;
			productName = RealmSwift;
		};
		C9009081255045B100E90D75 /* Realm */ = {
			isa = XCSwiftPackageProductDependency;
			package = C900907E255045B100E90D75 /* XCRemoteSwiftPackageReference "realm-cocoa" */;
			productName = Realm;
		};
		C9009085255046CF00E90D75 /* Alamofire */ = {
			isa = XCSwiftPackageProductDependency;
			package = C9009084255046CF00E90D75 /* XCRemoteSwiftPackageReference "Alamofire" */;
			productName = Alamofire;
		};
		C90090892550478300E90D75 /* SDWebImage */ = {
			isa = XCSwiftPackageProductDependency;
			package = C90090882550478300E90D75 /* XCRemoteSwiftPackageReference "SDWebImage" */;
			productName = SDWebImage;
		};
		C900908D25504AD500E90D75 /* SDWebImageSwiftUI */ = {
			isa = XCSwiftPackageProductDependency;
			package = C900908C25504AD500E90D75 /* XCRemoteSwiftPackageReference "SDWebImageSwiftUI" */;
			productName = SDWebImageSwiftUI;
		};
		C900909125505BC300E90D75 /* Cleanse */ = {
			isa = XCSwiftPackageProductDependency;
			package = C900909025505BC300E90D75 /* XCRemoteSwiftPackageReference "Cleanse" */;
			productName = Cleanse;
		};
/* End XCSwiftPackageProductDependency section */
	};
	rootObject = C961B00624ADD112008AF274 /* Project object */;
}
