// !$*UTF8*$!
{
	archiveVersion = 1;
	classes = {
	};
	objectVersion = 52;
	objects = {

/* Begin PBXBuildFile section */
		C900908A2550478300E90D75 /* SDWebImage in Frameworks */ = {isa = PBXBuildFile; productRef = C90090892550478300E90D75 /* SDWebImage */; };
		C900908E25504AD500E90D75 /* SDWebImageSwiftUI in Frameworks */ = {isa = PBXBuildFile; productRef = C900908D25504AD500E90D75 /* SDWebImageSwiftUI */; };
		C900909225505BC300E90D75 /* Cleanse in Frameworks */ = {isa = PBXBuildFile; productRef = C900909125505BC300E90D75 /* Cleanse */; };
		C901A98D25611D8700180B24 /* Dimens.swift in Sources */ = {isa = PBXBuildFile; fileRef = C901A98C25611D8700180B24 /* Dimens.swift */; };
		C906303E24BCC87200EB4F98 /* EditProfileScreen.swift in Sources */ = {isa = PBXBuildFile; fileRef = C906303D24BCC87200EB4F98 /* EditProfileScreen.swift */; };
		C906304024BCCA9400EB4F98 /* Fab.swift in Sources */ = {isa = PBXBuildFile; fileRef = C906303F24BCCA9400EB4F98 /* Fab.swift */; };
		C90685A32572710900EE35E1 /* Alamofire in Frameworks */ = {isa = PBXBuildFile; productRef = C90685A22572710900EE35E1 /* Alamofire */; };
		C915433F257216DC005D61FC /* Game in Frameworks */ = {isa = PBXBuildFile; productRef = C915433E257216DC005D61FC /* Game */; };
		C92A34422546C686001271EB /* .swiftlint.yml in Resources */ = {isa = PBXBuildFile; fileRef = C92A34412546C686001271EB /* .swiftlint.yml */; };
		C92BAB0E24B8A79B0026567F /* FavoriteScreen.swift in Sources */ = {isa = PBXBuildFile; fileRef = C92BAB0D24B8A79B0026567F /* FavoriteScreen.swift */; };
		C92BAB1024B8B2220026567F /* FavoriteRow.swift in Sources */ = {isa = PBXBuildFile; fileRef = C92BAB0F24B8B2220026567F /* FavoriteRow.swift */; };
		C92BAB1224B8BAF60026567F /* LikeButton.swift in Sources */ = {isa = PBXBuildFile; fileRef = C92BAB1124B8BAF60026567F /* LikeButton.swift */; };
		C94DBFE32598CF65004F0CCA /* Common in Frameworks */ = {isa = PBXBuildFile; productRef = C94DBFE22598CF65004F0CCA /* Common */; };
		C94DBFE52598CF69004F0CCA /* User in Frameworks */ = {isa = PBXBuildFile; productRef = C94DBFE42598CF69004F0CCA /* User */; };
		C94DBFE72598CF71004F0CCA /* Core in Frameworks */ = {isa = PBXBuildFile; productRef = C94DBFE62598CF71004F0CCA /* Core */; };
		C961B01224ADD112008AF274 /* AppDelegate.swift in Sources */ = {isa = PBXBuildFile; fileRef = C961B01124ADD112008AF274 /* AppDelegate.swift */; };
		C961B01424ADD112008AF274 /* SceneDelegate.swift in Sources */ = {isa = PBXBuildFile; fileRef = C961B01324ADD112008AF274 /* SceneDelegate.swift */; };
		C961B01824ADD113008AF274 /* Assets.xcassets in Resources */ = {isa = PBXBuildFile; fileRef = C961B01724ADD113008AF274 /* Assets.xcassets */; };
		C961B01E24ADD113008AF274 /* LaunchScreen.storyboard in Resources */ = {isa = PBXBuildFile; fileRef = C961B01C24ADD113008AF274 /* LaunchScreen.storyboard */; };
		C961B02D24ADD1EF008AF274 /* HomeScreen.swift in Sources */ = {isa = PBXBuildFile; fileRef = C961B02C24ADD1EF008AF274 /* HomeScreen.swift */; };
		C961B02F24ADD1FB008AF274 /* AboutScreen.swift in Sources */ = {isa = PBXBuildFile; fileRef = C961B02E24ADD1FB008AF274 /* AboutScreen.swift */; };
		C961B03124ADD208008AF274 /* DetailScreen.swift in Sources */ = {isa = PBXBuildFile; fileRef = C961B03024ADD208008AF274 /* DetailScreen.swift */; };
		C961B03324ADD214008AF274 /* GameRow.swift in Sources */ = {isa = PBXBuildFile; fileRef = C961B03224ADD214008AF274 /* GameRow.swift */; };
		C961B03524ADD221008AF274 /* ProgressBar.swift in Sources */ = {isa = PBXBuildFile; fileRef = C961B03424ADD221008AF274 /* ProgressBar.swift */; };
		C961B03724ADD257008AF274 /* AccountSnippet.swift in Sources */ = {isa = PBXBuildFile; fileRef = C961B03624ADD257008AF274 /* AccountSnippet.swift */; };
		C961B03924ADD276008AF274 /* FindRow.swift in Sources */ = {isa = PBXBuildFile; fileRef = C961B03824ADD276008AF274 /* FindRow.swift */; };
		C961B04D24AE31A4008AF274 /* Chip.swift in Sources */ = {isa = PBXBuildFile; fileRef = C961B04C24AE31A4008AF274 /* Chip.swift */; };
		C975317D259A3D020080AC59 /* Nimble in Frameworks */ = {isa = PBXBuildFile; platformFilter = ios; productRef = C975317C259A3D020080AC59 /* Nimble */; };
		C9753181259A3D390080AC59 /* Common in Frameworks */ = {isa = PBXBuildFile; platformFilter = ios; productRef = C9753180259A3D390080AC59 /* Common */; };
		C97669AE2551180D00325594 /* ContentView.swift in Sources */ = {isa = PBXBuildFile; fileRef = C97669AD2551180D00325594 /* ContentView.swift */; };
		C97943442551A60700189390 /* CommonModules.swift in Sources */ = {isa = PBXBuildFile; fileRef = C97943432551A60700189390 /* CommonModules.swift */; };
		C97943472551A61600189390 /* AppComponent.swift in Sources */ = {isa = PBXBuildFile; fileRef = C97943462551A61600189390 /* AppComponent.swift */; };
		C97943682551AEA800189390 /* HomeRouter.swift in Sources */ = {isa = PBXBuildFile; fileRef = C97943672551AEA800189390 /* HomeRouter.swift */; };
		C97D86FC259B7C35002DD3AF /* SampleUITests.swift in Sources */ = {isa = PBXBuildFile; fileRef = C97D86FB259B7C35002DD3AF /* SampleUITests.swift */; };
		C98AF8412585213100CC8456 /* Quick in Frameworks */ = {isa = PBXBuildFile; platformFilter = ios; productRef = C98AF8402585213100CC8456 /* Quick */; };
		C9B8DD2924AF27EC0058299A /* SearchBar.swift in Sources */ = {isa = PBXBuildFile; fileRef = C9B8DD2824AF27EC0058299A /* SearchBar.swift */; };
		C9C6A735258274CF00A4F15A /* RealmSwift in Frameworks */ = {isa = PBXBuildFile; productRef = C9C6A734258274CF00A4F15A /* RealmSwift */; };
		C9C6A737258274CF00A4F15A /* Realm in Frameworks */ = {isa = PBXBuildFile; productRef = C9C6A736258274CF00A4F15A /* Realm */; };
		C9E0F75725569703007144C3 /* FavoriteRouter.swift in Sources */ = {isa = PBXBuildFile; fileRef = C9E0F75625569703007144C3 /* FavoriteRouter.swift */; };
		C9FD68C825601D250047B912 /* ShimmerView.swift in Sources */ = {isa = PBXBuildFile; fileRef = C9FD68C725601D250047B912 /* ShimmerView.swift */; };
		C9FD7C70256A46700070CE9E /* ImagePickerView.swift in Sources */ = {isa = PBXBuildFile; fileRef = C9FD7C6F256A46700070CE9E /* ImagePickerView.swift */; };
/* End PBXBuildFile section */

/* Begin PBXContainerItemProxy section */
		C94AD93625849E37002BA210 /* PBXContainerItemProxy */ = {
			isa = PBXContainerItemProxy;
			containerPortal = C961B00624ADD112008AF274 /* Project object */;
			proxyType = 1;
			remoteGlobalIDString = C961B00D24ADD112008AF274;
			remoteInfo = gamebook;
		};
/* End PBXContainerItemProxy section */

/* Begin PBXFileReference section */
		C901A98C25611D8700180B24 /* Dimens.swift */ = {isa = PBXFileReference; lastKnownFileType = sourcecode.swift; path = Dimens.swift; sourceTree = "<group>"; };
		C906303D24BCC87200EB4F98 /* EditProfileScreen.swift */ = {isa = PBXFileReference; lastKnownFileType = sourcecode.swift; path = EditProfileScreen.swift; sourceTree = "<group>"; };
		C906303F24BCCA9400EB4F98 /* Fab.swift */ = {isa = PBXFileReference; lastKnownFileType = sourcecode.swift; path = Fab.swift; sourceTree = "<group>"; };
		C9213FBA257E5E31009C958D /* Nimble.framework */ = {isa = PBXFileReference; explicitFileType = wrapper.framework; path = Nimble.framework; sourceTree = BUILT_PRODUCTS_DIR; };
		C9213FBC257E5E4F009C958D /* Quick.framework */ = {isa = PBXFileReference; explicitFileType = wrapper.framework; path = Quick.framework; sourceTree = BUILT_PRODUCTS_DIR; };
		C92A34412546C686001271EB /* .swiftlint.yml */ = {isa = PBXFileReference; lastKnownFileType = text.yaml; path = .swiftlint.yml; sourceTree = "<group>"; };
		C92BAB0D24B8A79B0026567F /* FavoriteScreen.swift */ = {isa = PBXFileReference; lastKnownFileType = sourcecode.swift; path = FavoriteScreen.swift; sourceTree = "<group>"; };
		C92BAB0F24B8B2220026567F /* FavoriteRow.swift */ = {isa = PBXFileReference; lastKnownFileType = sourcecode.swift; path = FavoriteRow.swift; sourceTree = "<group>"; };
		C92BAB1124B8BAF60026567F /* LikeButton.swift */ = {isa = PBXFileReference; lastKnownFileType = sourcecode.swift; path = LikeButton.swift; sourceTree = "<group>"; };
		C949113F25715DFD00237046 /* Game */ = {isa = PBXFileReference; lastKnownFileType = folder; name = Game; path = Modules/Game; sourceTree = "<group>"; };
		C94AD93125849E37002BA210 /* gamebookUITests.xctest */ = {isa = PBXFileReference; explicitFileType = wrapper.cfbundle; includeInIndex = 0; path = gamebookUITests.xctest; sourceTree = BUILT_PRODUCTS_DIR; };
		C94AD93525849E37002BA210 /* Info.plist */ = {isa = PBXFileReference; lastKnownFileType = text.plist.xml; path = Info.plist; sourceTree = "<group>"; };
		C961B00E24ADD112008AF274 /* gamebook.app */ = {isa = PBXFileReference; explicitFileType = wrapper.application; includeInIndex = 0; path = gamebook.app; sourceTree = BUILT_PRODUCTS_DIR; };
		C961B01124ADD112008AF274 /* AppDelegate.swift */ = {isa = PBXFileReference; lastKnownFileType = sourcecode.swift; path = AppDelegate.swift; sourceTree = "<group>"; };
		C961B01324ADD112008AF274 /* SceneDelegate.swift */ = {isa = PBXFileReference; lastKnownFileType = sourcecode.swift; path = SceneDelegate.swift; sourceTree = "<group>"; };
		C961B01724ADD113008AF274 /* Assets.xcassets */ = {isa = PBXFileReference; lastKnownFileType = folder.assetcatalog; path = Assets.xcassets; sourceTree = "<group>"; };
		C961B01D24ADD113008AF274 /* Base */ = {isa = PBXFileReference; lastKnownFileType = file.storyboard; name = Base; path = Base.lproj/LaunchScreen.storyboard; sourceTree = "<group>"; };
		C961B01F24ADD113008AF274 /* Info.plist */ = {isa = PBXFileReference; lastKnownFileType = text.plist.xml; path = Info.plist; sourceTree = "<group>"; };
		C961B02C24ADD1EF008AF274 /* HomeScreen.swift */ = {isa = PBXFileReference; lastKnownFileType = sourcecode.swift; path = HomeScreen.swift; sourceTree = "<group>"; };
		C961B02E24ADD1FB008AF274 /* AboutScreen.swift */ = {isa = PBXFileReference; lastKnownFileType = sourcecode.swift; path = AboutScreen.swift; sourceTree = "<group>"; };
		C961B03024ADD208008AF274 /* DetailScreen.swift */ = {isa = PBXFileReference; lastKnownFileType = sourcecode.swift; path = DetailScreen.swift; sourceTree = "<group>"; };
		C961B03224ADD214008AF274 /* GameRow.swift */ = {isa = PBXFileReference; lastKnownFileType = sourcecode.swift; path = GameRow.swift; sourceTree = "<group>"; };
		C961B03424ADD221008AF274 /* ProgressBar.swift */ = {isa = PBXFileReference; lastKnownFileType = sourcecode.swift; path = ProgressBar.swift; sourceTree = "<group>"; };
		C961B03624ADD257008AF274 /* AccountSnippet.swift */ = {isa = PBXFileReference; lastKnownFileType = sourcecode.swift; path = AccountSnippet.swift; sourceTree = "<group>"; };
		C961B03824ADD276008AF274 /* FindRow.swift */ = {isa = PBXFileReference; lastKnownFileType = sourcecode.swift; path = FindRow.swift; sourceTree = "<group>"; };
		C961B04C24AE31A4008AF274 /* Chip.swift */ = {isa = PBXFileReference; lastKnownFileType = sourcecode.swift; path = Chip.swift; sourceTree = "<group>"; };
		C97669AD2551180D00325594 /* ContentView.swift */ = {isa = PBXFileReference; lastKnownFileType = sourcecode.swift; path = ContentView.swift; sourceTree = "<group>"; };
		C97943432551A60700189390 /* CommonModules.swift */ = {isa = PBXFileReference; lastKnownFileType = sourcecode.swift; path = CommonModules.swift; sourceTree = "<group>"; };
		C97943462551A61600189390 /* AppComponent.swift */ = {isa = PBXFileReference; lastKnownFileType = sourcecode.swift; path = AppComponent.swift; sourceTree = "<group>"; };
		C97943672551AEA800189390 /* HomeRouter.swift */ = {isa = PBXFileReference; lastKnownFileType = sourcecode.swift; path = HomeRouter.swift; sourceTree = "<group>"; };
		C979BCD225794E8D00DC0244 /* Base */ = {isa = PBXFileReference; lastKnownFileType = text.plist.strings; name = Base; path = Base.lproj/LaunchScreen.strings; sourceTree = "<group>"; };
		C97D86FB259B7C35002DD3AF /* SampleUITests.swift */ = {isa = PBXFileReference; lastKnownFileType = sourcecode.swift; path = SampleUITests.swift; sourceTree = "<group>"; };
		C9B8DD2824AF27EC0058299A /* SearchBar.swift */ = {isa = PBXFileReference; lastKnownFileType = sourcecode.swift; path = SearchBar.swift; sourceTree = "<group>"; };
		C9B9D3502598AC0C00190DC0 /* Common */ = {isa = PBXFileReference; lastKnownFileType = folder; name = Common; path = Modules/Common; sourceTree = "<group>"; };
		C9B9D3532598AC1100190DC0 /* Core */ = {isa = PBXFileReference; lastKnownFileType = folder; name = Core; path = Modules/Core; sourceTree = "<group>"; };
		C9B9D3562598AC1400190DC0 /* User */ = {isa = PBXFileReference; lastKnownFileType = folder; name = User; path = Modules/User; sourceTree = "<group>"; };
		C9E0F75625569703007144C3 /* FavoriteRouter.swift */ = {isa = PBXFileReference; lastKnownFileType = sourcecode.swift; path = FavoriteRouter.swift; sourceTree = "<group>"; };
		C9FD68C725601D250047B912 /* ShimmerView.swift */ = {isa = PBXFileReference; lastKnownFileType = sourcecode.swift; path = ShimmerView.swift; sourceTree = "<group>"; };
		C9FD7C6F256A46700070CE9E /* ImagePickerView.swift */ = {isa = PBXFileReference; lastKnownFileType = sourcecode.swift; path = ImagePickerView.swift; sourceTree = "<group>"; };
/* End PBXFileReference section */

/* Begin PBXFrameworksBuildPhase section */
		C94AD92E25849E37002BA210 /* Frameworks */ = {
			isa = PBXFrameworksBuildPhase;
			buildActionMask = 2147483647;
			files = (
				C98AF8412585213100CC8456 /* Quick in Frameworks */,
				C975317D259A3D020080AC59 /* Nimble in Frameworks */,
				C9753181259A3D390080AC59 /* Common in Frameworks */,
			);
			runOnlyForDeploymentPostprocessing = 0;
		};
		C961B00B24ADD112008AF274 /* Frameworks */ = {
			isa = PBXFrameworksBuildPhase;
			buildActionMask = 2147483647;
			files = (
				C9C6A737258274CF00A4F15A /* Realm in Frameworks */,
				C900909225505BC300E90D75 /* Cleanse in Frameworks */,
				C94DBFE52598CF69004F0CCA /* User in Frameworks */,
				C94DBFE72598CF71004F0CCA /* Core in Frameworks */,
				C900908E25504AD500E90D75 /* SDWebImageSwiftUI in Frameworks */,
				C900908A2550478300E90D75 /* SDWebImage in Frameworks */,
				C915433F257216DC005D61FC /* Game in Frameworks */,
				C90685A32572710900EE35E1 /* Alamofire in Frameworks */,
				C9C6A735258274CF00A4F15A /* RealmSwift in Frameworks */,
				C94DBFE32598CF65004F0CCA /* Common in Frameworks */,
			);
			runOnlyForDeploymentPostprocessing = 0;
		};
/* End PBXFrameworksBuildPhase section */

/* Begin PBXGroup section */
		2B3BA406F6BD2FC74CA9D50D /* Frameworks */ = {
			isa = PBXGroup;
			children = (
				C9213FBC257E5E4F009C958D /* Quick.framework */,
				C9213FBA257E5E31009C958D /* Nimble.framework */,
			);
			name = Frameworks;
			sourceTree = "<group>";
		};
		C901A98B25611D5F00180B24 /* Theme */ = {
			isa = PBXGroup;
			children = (
				C901A98C25611D8700180B24 /* Dimens.swift */,
			);
			path = Theme;
			sourceTree = "<group>";
		};
		C93A5A632562C1D200463CE6 /* SupportingFiles */ = {
			isa = PBXGroup;
			children = (
				C961B01724ADD113008AF274 /* Assets.xcassets */,
				C961B01C24ADD113008AF274 /* LaunchScreen.storyboard */,
				C961B01F24ADD113008AF274 /* Info.plist */,
			);
			path = SupportingFiles;
			sourceTree = "<group>";
		};
		C94AD93225849E37002BA210 /* gamebookUITests */ = {
			isa = PBXGroup;
			children = (
				C94AD93525849E37002BA210 /* Info.plist */,
				C97D86FB259B7C35002DD3AF /* SampleUITests.swift */,
			);
			path = gamebookUITests;
			sourceTree = "<group>";
		};
		C961B00524ADD112008AF274 = {
			isa = PBXGroup;
			children = (
				C9B9D3562598AC1400190DC0 /* User */,
				C9B9D3532598AC1100190DC0 /* Core */,
				C9B9D3502598AC0C00190DC0 /* Common */,
				C949113F25715DFD00237046 /* Game */,
				C92A34412546C686001271EB /* .swiftlint.yml */,
				C961B01024ADD112008AF274 /* gamebook */,
				C94AD93225849E37002BA210 /* gamebookUITests */,
				C961B00F24ADD112008AF274 /* Products */,
				2B3BA406F6BD2FC74CA9D50D /* Frameworks */,
			);
			sourceTree = "<group>";
		};
		C961B00F24ADD112008AF274 /* Products */ = {
			isa = PBXGroup;
			children = (
				C961B00E24ADD112008AF274 /* gamebook.app */,
				C94AD93125849E37002BA210 /* gamebookUITests.xctest */,
			);
			name = Products;
			sourceTree = "<group>";
		};
		C961B01024ADD112008AF274 /* gamebook */ = {
			isa = PBXGroup;
			children = (
				C93A5A632562C1D200463CE6 /* SupportingFiles */,
				C97943492551A7D700189390 /* Module */,
				C97669B025511CC800325594 /* Core */,
				C97669AC255117DA00325594 /* App */,
			);
			path = gamebook;
			sourceTree = "<group>";
		};
		C97669AC255117DA00325594 /* App */ = {
			isa = PBXGroup;
			children = (
				C961B01124ADD112008AF274 /* AppDelegate.swift */,
				C961B01324ADD112008AF274 /* SceneDelegate.swift */,
				C97669AD2551180D00325594 /* ContentView.swift */,
			);
			path = App;
			sourceTree = "<group>";
		};
		C97669B025511CC800325594 /* Core */ = {
			isa = PBXGroup;
			children = (
				C9FEF8CB25791BDD003DEE48 /* Utils */,
				C97669B225511CD600325594 /* DI */,
			);
			path = Core;
			sourceTree = "<group>";
		};
		C97669B225511CD600325594 /* DI */ = {
			isa = PBXGroup;
			children = (
				C97943432551A60700189390 /* CommonModules.swift */,
				C97943462551A61600189390 /* AppComponent.swift */,
			);
			path = DI;
			sourceTree = "<group>";
		};
		C97943492551A7D700189390 /* Module */ = {
			isa = PBXGroup;
			children = (
				C9FD7C65256A45E40070CE9E /* ImagePicker */,
				C97943572551A87A00189390 /* Favorite */,
				C97943542551A85200189390 /* About */,
				C979434B2551A7E700189390 /* Detail */,
				C979434A2551A7DF00189390 /* Home */,
			);
			path = Module;
			sourceTree = "<group>";
		};
		C979434A2551A7DF00189390 /* Home */ = {
			isa = PBXGroup;
			children = (
				C97943532551A84700189390 /* Router */,
				C979434C2551A7FA00189390 /* View */,
			);
			path = Home;
			sourceTree = "<group>";
		};
		C979434B2551A7E700189390 /* Detail */ = {
			isa = PBXGroup;
			children = (
				C979434D2551A80A00189390 /* View */,
			);
			path = Detail;
			sourceTree = "<group>";
		};
		C979434C2551A7FA00189390 /* View */ = {
			isa = PBXGroup;
			children = (
				C961B02C24ADD1EF008AF274 /* HomeScreen.swift */,
				C961B03824ADD276008AF274 /* FindRow.swift */,
				C9B8DD2824AF27EC0058299A /* SearchBar.swift */,
				C961B03424ADD221008AF274 /* ProgressBar.swift */,
				C961B03624ADD257008AF274 /* AccountSnippet.swift */,
				C92BAB0F24B8B2220026567F /* FavoriteRow.swift */,
			);
			path = View;
			sourceTree = "<group>";
		};
		C979434D2551A80A00189390 /* View */ = {
			isa = PBXGroup;
			children = (
				C961B03024ADD208008AF274 /* DetailScreen.swift */,
			);
			path = View;
			sourceTree = "<group>";
		};
		C97943532551A84700189390 /* Router */ = {
			isa = PBXGroup;
			children = (
				C97943672551AEA800189390 /* HomeRouter.swift */,
			);
			path = Router;
			sourceTree = "<group>";
		};
		C97943542551A85200189390 /* About */ = {
			isa = PBXGroup;
			children = (
				C97943552551A85700189390 /* View */,
			);
			path = About;
			sourceTree = "<group>";
		};
		C97943552551A85700189390 /* View */ = {
			isa = PBXGroup;
			children = (
				C961B02E24ADD1FB008AF274 /* AboutScreen.swift */,
				C906303D24BCC87200EB4F98 /* EditProfileScreen.swift */,
				C906303F24BCCA9400EB4F98 /* Fab.swift */,
			);
			path = View;
			sourceTree = "<group>";
		};
		C97943572551A87A00189390 /* Favorite */ = {
			isa = PBXGroup;
			children = (
				C9E0F755255696F2007144C3 /* Router */,
				C97943582551A88400189390 /* View */,
			);
			path = Favorite;
			sourceTree = "<group>";
		};
		C97943582551A88400189390 /* View */ = {
			isa = PBXGroup;
			children = (
				C92BAB0D24B8A79B0026567F /* FavoriteScreen.swift */,
			);
			path = View;
			sourceTree = "<group>";
		};
		C9E0F74F2556921C007144C3 /* SharedView */ = {
			isa = PBXGroup;
			children = (
				C961B03224ADD214008AF274 /* GameRow.swift */,
				C961B04C24AE31A4008AF274 /* Chip.swift */,
				C92BAB1124B8BAF60026567F /* LikeButton.swift */,
				C9FD68C725601D250047B912 /* ShimmerView.swift */,
			);
			path = SharedView;
			sourceTree = "<group>";
		};
		C9E0F755255696F2007144C3 /* Router */ = {
			isa = PBXGroup;
			children = (
				C9E0F75625569703007144C3 /* FavoriteRouter.swift */,
			);
			path = Router;
			sourceTree = "<group>";
		};
		C9FD7C65256A45E40070CE9E /* ImagePicker */ = {
			isa = PBXGroup;
			children = (
				C9FD7C66256A45F00070CE9E /* View */,
			);
			path = ImagePicker;
			sourceTree = "<group>";
		};
		C9FD7C66256A45F00070CE9E /* View */ = {
			isa = PBXGroup;
			children = (
				C9FD7C6F256A46700070CE9E /* ImagePickerView.swift */,
			);
			path = View;
			sourceTree = "<group>";
		};
		C9FEF8CB25791BDD003DEE48 /* Utils */ = {
			isa = PBXGroup;
			children = (
				C901A98B25611D5F00180B24 /* Theme */,
				C9E0F74F2556921C007144C3 /* SharedView */,
			);
			path = Utils;
			sourceTree = "<group>";
		};
/* End PBXGroup section */

/* Begin PBXNativeTarget section */
		C94AD93025849E37002BA210 /* gamebookUITests */ = {
			isa = PBXNativeTarget;
			buildConfigurationList = C94AD93825849E37002BA210 /* Build configuration list for PBXNativeTarget "gamebookUITests" */;
			buildPhases = (
				C94AD92D25849E37002BA210 /* Sources */,
				C94AD92E25849E37002BA210 /* Frameworks */,
				C94AD92F25849E37002BA210 /* Resources */,
			);
			buildRules = (
			);
			dependencies = (
				C94AD93725849E37002BA210 /* PBXTargetDependency */,
			);
			name = gamebookUITests;
			packageProductDependencies = (
				C98AF8402585213100CC8456 /* Quick */,
				C975317C259A3D020080AC59 /* Nimble */,
				C9753180259A3D390080AC59 /* Common */,
			);
			productName = gamebookUITests;
			productReference = C94AD93125849E37002BA210 /* gamebookUITests.xctest */;
			productType = "com.apple.product-type.bundle.ui-testing";
		};
		C961B00D24ADD112008AF274 /* gamebook */ = {
			isa = PBXNativeTarget;
			buildConfigurationList = C961B02224ADD113008AF274 /* Build configuration list for PBXNativeTarget "gamebook" */;
			buildPhases = (
				C961B00A24ADD112008AF274 /* Sources */,
				C961B00B24ADD112008AF274 /* Frameworks */,
				C961B00C24ADD112008AF274 /* Resources */,
				C92A343F2546C541001271EB /* ShellScript */,
			);
			buildRules = (
			);
			dependencies = (
			);
			name = gamebook;
			packageProductDependencies = (
				C90090892550478300E90D75 /* SDWebImage */,
				C900908D25504AD500E90D75 /* SDWebImageSwiftUI */,
				C900909125505BC300E90D75 /* Cleanse */,
				C915433E257216DC005D61FC /* Game */,
				C90685A22572710900EE35E1 /* Alamofire */,
				C9C6A734258274CF00A4F15A /* RealmSwift */,
				C9C6A736258274CF00A4F15A /* Realm */,
				C94DBFE22598CF65004F0CCA /* Common */,
				C94DBFE42598CF69004F0CCA /* User */,
				C94DBFE62598CF71004F0CCA /* Core */,
			);
			productName = "fundamental-sub-one";
			productReference = C961B00E24ADD112008AF274 /* gamebook.app */;
			productType = "com.apple.product-type.application";
		};
/* End PBXNativeTarget section */

/* Begin PBXProject section */
		C961B00624ADD112008AF274 /* Project object */ = {
			isa = PBXProject;
			attributes = {
				LastSwiftUpdateCheck = 1220;
				LastUpgradeCheck = 1200;
				ORGANIZATIONNAME = "Abdul Chathil";
				TargetAttributes = {
					C94AD93025849E37002BA210 = {
						CreatedOnToolsVersion = 12.2;
						TestTargetID = C961B00D24ADD112008AF274;
					};
					C961B00D24ADD112008AF274 = {
						CreatedOnToolsVersion = 11.5;
					};
				};
			};
			buildConfigurationList = C961B00924ADD112008AF274 /* Build configuration list for PBXProject "gamebook" */;
			compatibilityVersion = "Xcode 9.3";
			developmentRegion = en;
			hasScannedForEncodings = 0;
			knownRegions = (
				en,
				Base,
				id,
			);
			mainGroup = C961B00524ADD112008AF274;
			packageReferences = (
				C90090882550478300E90D75 /* XCRemoteSwiftPackageReference "SDWebImage" */,
				C900908C25504AD500E90D75 /* XCRemoteSwiftPackageReference "SDWebImageSwiftUI" */,
				C900909025505BC300E90D75 /* XCRemoteSwiftPackageReference "Cleanse" */,
				C90685A12572710900EE35E1 /* XCRemoteSwiftPackageReference "Alamofire" */,
				C9C6A733258274CF00A4F15A /* XCRemoteSwiftPackageReference "realm-cocoa" */,
				C98AF83B2585212500CC8456 /* XCRemoteSwiftPackageReference "Quick" */,
				C9DE60B2259A369F00582780 /* XCRemoteSwiftPackageReference "Nimble" */,
			);
			productRefGroup = C961B00F24ADD112008AF274 /* Products */;
			projectDirPath = "";
			projectRoot = "";
			targets = (
				C961B00D24ADD112008AF274 /* gamebook */,
				C94AD93025849E37002BA210 /* gamebookUITests */,
			);
		};
/* End PBXProject section */

/* Begin PBXResourcesBuildPhase section */
		C94AD92F25849E37002BA210 /* Resources */ = {
			isa = PBXResourcesBuildPhase;
			buildActionMask = 2147483647;
			files = (
			);
			runOnlyForDeploymentPostprocessing = 0;
		};
		C961B00C24ADD112008AF274 /* Resources */ = {
			isa = PBXResourcesBuildPhase;
			buildActionMask = 2147483647;
			files = (
				C92A34422546C686001271EB /* .swiftlint.yml in Resources */,
				C961B01E24ADD113008AF274 /* LaunchScreen.storyboard in Resources */,
				C961B01824ADD113008AF274 /* Assets.xcassets in Resources */,
			);
			runOnlyForDeploymentPostprocessing = 0;
		};
/* End PBXResourcesBuildPhase section */

/* Begin PBXShellScriptBuildPhase section */
		C92A343F2546C541001271EB /* ShellScript */ = {
			isa = PBXShellScriptBuildPhase;
			buildActionMask = 2147483647;
			files = (
			);
			inputFileListPaths = (
			);
			inputPaths = (
			);
			outputFileListPaths = (
			);
			outputPaths = (
			);
			runOnlyForDeploymentPostprocessing = 0;
			shellPath = /bin/sh;
			shellScript = "if which swiftlint >/dev/null; then \n    swiftlint \nelse \n    echo \"warning: SwiftLint not installed, download from https://github.com/realm/SwiftLint\" \nfi\n";
		};
/* End PBXShellScriptBuildPhase section */

/* Begin PBXSourcesBuildPhase section */
		C94AD92D25849E37002BA210 /* Sources */ = {
			isa = PBXSourcesBuildPhase;
			buildActionMask = 2147483647;
			files = (
				C97D86FC259B7C35002DD3AF /* SampleUITests.swift in Sources */,
			);
			runOnlyForDeploymentPostprocessing = 0;
		};
		C961B00A24ADD112008AF274 /* Sources */ = {
			isa = PBXSourcesBuildPhase;
			buildActionMask = 2147483647;
			files = (
				C961B01224ADD112008AF274 /* AppDelegate.swift in Sources */,
				C97943472551A61600189390 /* AppComponent.swift in Sources */,
				C961B02D24ADD1EF008AF274 /* HomeScreen.swift in Sources */,
				C961B03924ADD276008AF274 /* FindRow.swift in Sources */,
				C92BAB1224B8BAF60026567F /* LikeButton.swift in Sources */,
				C906303E24BCC87200EB4F98 /* EditProfileScreen.swift in Sources */,
				C961B03324ADD214008AF274 /* GameRow.swift in Sources */,
				C906304024BCCA9400EB4F98 /* Fab.swift in Sources */,
				C961B03724ADD257008AF274 /* AccountSnippet.swift in Sources */,
				C9FD7C70256A46700070CE9E /* ImagePickerView.swift in Sources */,
				C9FD68C825601D250047B912 /* ShimmerView.swift in Sources */,
				C97669AE2551180D00325594 /* ContentView.swift in Sources */,
				C901A98D25611D8700180B24 /* Dimens.swift in Sources */,
				C9E0F75725569703007144C3 /* FavoriteRouter.swift in Sources */,
				C961B03524ADD221008AF274 /* ProgressBar.swift in Sources */,
				C92BAB1024B8B2220026567F /* FavoriteRow.swift in Sources */,
				C961B01424ADD112008AF274 /* SceneDelegate.swift in Sources */,
				C92BAB0E24B8A79B0026567F /* FavoriteScreen.swift in Sources */,
				C9B8DD2924AF27EC0058299A /* SearchBar.swift in Sources */,
				C97943682551AEA800189390 /* HomeRouter.swift in Sources */,
				C961B04D24AE31A4008AF274 /* Chip.swift in Sources */,
				C961B03124ADD208008AF274 /* DetailScreen.swift in Sources */,
				C97943442551A60700189390 /* CommonModules.swift in Sources */,
				C961B02F24ADD1FB008AF274 /* AboutScreen.swift in Sources */,
			);
			runOnlyForDeploymentPostprocessing = 0;
		};
/* End PBXSourcesBuildPhase section */

/* Begin PBXTargetDependency section */
		C94AD93725849E37002BA210 /* PBXTargetDependency */ = {
			isa = PBXTargetDependency;
			target = C961B00D24ADD112008AF274 /* gamebook */;
			targetProxy = C94AD93625849E37002BA210 /* PBXContainerItemProxy */;
		};
/* End PBXTargetDependency section */

/* Begin PBXVariantGroup section */
		C961B01C24ADD113008AF274 /* LaunchScreen.storyboard */ = {
			isa = PBXVariantGroup;
			children = (
				C961B01D24ADD113008AF274 /* Base */,
				C979BCD225794E8D00DC0244 /* Base */,
			);
			name = LaunchScreen.storyboard;
			sourceTree = "<group>";
		};
/* End PBXVariantGroup section */

/* Begin XCBuildConfiguration section */
		C94AD93925849E37002BA210 /* Debug */ = {
			isa = XCBuildConfiguration;
			buildSettings = {
				CODE_SIGN_STYLE = Automatic;
				INFOPLIST_FILE = gamebookUITests/Info.plist;
				IPHONEOS_DEPLOYMENT_TARGET = 14.2;
				LD_RUNPATH_SEARCH_PATHS = (
					"$(inherited)",
					"@executable_path/Frameworks",
					"@loader_path/Frameworks",
				);
				PRODUCT_BUNDLE_IDENTIFIER = com.chathil.gamebookUITests;
				PRODUCT_NAME = "$(TARGET_NAME)";
				SWIFT_VERSION = 5.0;
				TARGETED_DEVICE_FAMILY = "1,2";
				TEST_TARGET_NAME = gamebook;
			};
			name = Debug;
		};
		C94AD93A25849E37002BA210 /* Release */ = {
			isa = XCBuildConfiguration;
			buildSettings = {
				CODE_SIGN_STYLE = Automatic;
				INFOPLIST_FILE = gamebookUITests/Info.plist;
				IPHONEOS_DEPLOYMENT_TARGET = 14.2;
				LD_RUNPATH_SEARCH_PATHS = (
					"$(inherited)",
					"@executable_path/Frameworks",
					"@loader_path/Frameworks",
				);
				PRODUCT_BUNDLE_IDENTIFIER = com.chathil.gamebookUITests;
				PRODUCT_NAME = "$(TARGET_NAME)";
				SWIFT_VERSION = 5.0;
				TARGETED_DEVICE_FAMILY = "1,2";
				TEST_TARGET_NAME = gamebook;
			};
			name = Release;
		};
		C961B02024ADD113008AF274 /* Debug */ = {
			isa = XCBuildConfiguration;
			buildSettings = {
				ALWAYS_SEARCH_USER_PATHS = NO;
				CLANG_ANALYZER_LOCALIZABILITY_NONLOCALIZED = YES;
				CLANG_ANALYZER_NONNULL = YES;
				CLANG_ANALYZER_NUMBER_OBJECT_CONVERSION = YES_AGGRESSIVE;
				CLANG_CXX_LANGUAGE_STANDARD = "gnu++14";
				CLANG_CXX_LIBRARY = "libc++";
				CLANG_ENABLE_MODULES = YES;
				CLANG_ENABLE_OBJC_ARC = YES;
				CLANG_ENABLE_OBJC_WEAK = YES;
				CLANG_WARN_BLOCK_CAPTURE_AUTORELEASING = YES;
				CLANG_WARN_BOOL_CONVERSION = YES;
				CLANG_WARN_COMMA = YES;
				CLANG_WARN_CONSTANT_CONVERSION = YES;
				CLANG_WARN_DEPRECATED_OBJC_IMPLEMENTATIONS = YES;
				CLANG_WARN_DIRECT_OBJC_ISA_USAGE = YES_ERROR;
				CLANG_WARN_DOCUMENTATION_COMMENTS = YES;
				CLANG_WARN_EMPTY_BODY = YES;
				CLANG_WARN_ENUM_CONVERSION = YES;
				CLANG_WARN_INFINITE_RECURSION = YES;
				CLANG_WARN_INT_CONVERSION = YES;
				CLANG_WARN_NON_LITERAL_NULL_CONVERSION = YES;
				CLANG_WARN_OBJC_IMPLICIT_RETAIN_SELF = YES;
				CLANG_WARN_OBJC_LITERAL_CONVERSION = YES;
				CLANG_WARN_OBJC_ROOT_CLASS = YES_ERROR;
				CLANG_WARN_QUOTED_INCLUDE_IN_FRAMEWORK_HEADER = YES;
				CLANG_WARN_RANGE_LOOP_ANALYSIS = YES;
				CLANG_WARN_STRICT_PROTOTYPES = YES;
				CLANG_WARN_SUSPICIOUS_MOVE = YES;
				CLANG_WARN_UNGUARDED_AVAILABILITY = YES_AGGRESSIVE;
				CLANG_WARN_UNREACHABLE_CODE = YES;
				CLANG_WARN__DUPLICATE_METHOD_MATCH = YES;
				COPY_PHASE_STRIP = NO;
				DEBUG_INFORMATION_FORMAT = dwarf;
				ENABLE_STRICT_OBJC_MSGSEND = YES;
				ENABLE_TESTABILITY = YES;
				GCC_C_LANGUAGE_STANDARD = gnu11;
				GCC_DYNAMIC_NO_PIC = NO;
				GCC_NO_COMMON_BLOCKS = YES;
				GCC_OPTIMIZATION_LEVEL = 0;
				GCC_PREPROCESSOR_DEFINITIONS = (
					"DEBUG=1",
					"$(inherited)",
				);
				GCC_WARN_64_TO_32_BIT_CONVERSION = YES;
				GCC_WARN_ABOUT_RETURN_TYPE = YES_ERROR;
				GCC_WARN_UNDECLARED_SELECTOR = YES;
				GCC_WARN_UNINITIALIZED_AUTOS = YES_AGGRESSIVE;
				GCC_WARN_UNUSED_FUNCTION = YES;
				GCC_WARN_UNUSED_VARIABLE = YES;
				IPHONEOS_DEPLOYMENT_TARGET = 13.5;
				MTL_ENABLE_DEBUG_INFO = INCLUDE_SOURCE;
				MTL_FAST_MATH = YES;
				ONLY_ACTIVE_ARCH = YES;
				SDKROOT = iphoneos;
				SWIFT_ACTIVE_COMPILATION_CONDITIONS = DEBUG;
				SWIFT_OPTIMIZATION_LEVEL = "-Onone";
			};
			name = Debug;
		};
		C961B02124ADD113008AF274 /* Release */ = {
			isa = XCBuildConfiguration;
			buildSettings = {
				ALWAYS_SEARCH_USER_PATHS = NO;
				CLANG_ANALYZER_LOCALIZABILITY_NONLOCALIZED = YES;
				CLANG_ANALYZER_NONNULL = YES;
				CLANG_ANALYZER_NUMBER_OBJECT_CONVERSION = YES_AGGRESSIVE;
				CLANG_CXX_LANGUAGE_STANDARD = "gnu++14";
				CLANG_CXX_LIBRARY = "libc++";
				CLANG_ENABLE_MODULES = YES;
				CLANG_ENABLE_OBJC_ARC = YES;
				CLANG_ENABLE_OBJC_WEAK = YES;
				CLANG_WARN_BLOCK_CAPTURE_AUTORELEASING = YES;
				CLANG_WARN_BOOL_CONVERSION = YES;
				CLANG_WARN_COMMA = YES;
				CLANG_WARN_CONSTANT_CONVERSION = YES;
				CLANG_WARN_DEPRECATED_OBJC_IMPLEMENTATIONS = YES;
				CLANG_WARN_DIRECT_OBJC_ISA_USAGE = YES_ERROR;
				CLANG_WARN_DOCUMENTATION_COMMENTS = YES;
				CLANG_WARN_EMPTY_BODY = YES;
				CLANG_WARN_ENUM_CONVERSION = YES;
				CLANG_WARN_INFINITE_RECURSION = YES;
				CLANG_WARN_INT_CONVERSION = YES;
				CLANG_WARN_NON_LITERAL_NULL_CONVERSION = YES;
				CLANG_WARN_OBJC_IMPLICIT_RETAIN_SELF = YES;
				CLANG_WARN_OBJC_LITERAL_CONVERSION = YES;
				CLANG_WARN_OBJC_ROOT_CLASS = YES_ERROR;
				CLANG_WARN_QUOTED_INCLUDE_IN_FRAMEWORK_HEADER = YES;
				CLANG_WARN_RANGE_LOOP_ANALYSIS = YES;
				CLANG_WARN_STRICT_PROTOTYPES = YES;
				CLANG_WARN_SUSPICIOUS_MOVE = YES;
				CLANG_WARN_UNGUARDED_AVAILABILITY = YES_AGGRESSIVE;
				CLANG_WARN_UNREACHABLE_CODE = YES;
				CLANG_WARN__DUPLICATE_METHOD_MATCH = YES;
				COPY_PHASE_STRIP = NO;
				DEBUG_INFORMATION_FORMAT = "dwarf-with-dsym";
				ENABLE_NS_ASSERTIONS = NO;
				ENABLE_STRICT_OBJC_MSGSEND = YES;
				GCC_C_LANGUAGE_STANDARD = gnu11;
				GCC_NO_COMMON_BLOCKS = YES;
				GCC_WARN_64_TO_32_BIT_CONVERSION = YES;
				GCC_WARN_ABOUT_RETURN_TYPE = YES_ERROR;
				GCC_WARN_UNDECLARED_SELECTOR = YES;
				GCC_WARN_UNINITIALIZED_AUTOS = YES_AGGRESSIVE;
				GCC_WARN_UNUSED_FUNCTION = YES;
				GCC_WARN_UNUSED_VARIABLE = YES;
				IPHONEOS_DEPLOYMENT_TARGET = 13.5;
				MTL_ENABLE_DEBUG_INFO = NO;
				MTL_FAST_MATH = YES;
				SDKROOT = iphoneos;
				SWIFT_COMPILATION_MODE = wholemodule;
				SWIFT_OPTIMIZATION_LEVEL = "-O";
				VALIDATE_PRODUCT = YES;
			};
			name = Release;
		};
		C961B02324ADD113008AF274 /* Debug */ = {
			isa = XCBuildConfiguration;
			buildSettings = {
				ASSETCATALOG_COMPILER_APPICON_NAME = AppIcon;
				CODE_SIGN_IDENTITY = "Apple Development";
				CODE_SIGN_STYLE = Automatic;
				DEVELOPMENT_ASSET_PATHS = "";
				DEVELOPMENT_TEAM = DLJ5AWZAF9;
				ENABLE_PREVIEWS = YES;
				INFOPLIST_FILE = "$(SRCROOT)/gamebook/SupportingFiles/Info.plist";
				LD_RUNPATH_SEARCH_PATHS = (
					"$(inherited)",
					"@executable_path/Frameworks",
				);
				MARKETING_VERSION = 2.0;
				PRODUCT_BUNDLE_IDENTIFIER = com.chathil.gamebook;
				PRODUCT_NAME = gamebook;
				PROVISIONING_PROFILE_SPECIFIER = "";
				SWIFT_VERSION = 5.0;
				TARGETED_DEVICE_FAMILY = "1,2";
			};
			name = Debug;
		};
		C961B02424ADD113008AF274 /* Release */ = {
			isa = XCBuildConfiguration;
			buildSettings = {
				ASSETCATALOG_COMPILER_APPICON_NAME = AppIcon;
				CODE_SIGN_IDENTITY = "Apple Development";
				CODE_SIGN_STYLE = Automatic;
				DEVELOPMENT_ASSET_PATHS = "";
				DEVELOPMENT_TEAM = DLJ5AWZAF9;
				ENABLE_PREVIEWS = YES;
				INFOPLIST_FILE = "$(SRCROOT)/gamebook/SupportingFiles/Info.plist";
				LD_RUNPATH_SEARCH_PATHS = (
					"$(inherited)",
					"@executable_path/Frameworks",
				);
				MARKETING_VERSION = 2.0;
				PRODUCT_BUNDLE_IDENTIFIER = com.chathil.gamebook;
				PRODUCT_NAME = gamebook;
				PROVISIONING_PROFILE_SPECIFIER = "";
				SWIFT_VERSION = 5.0;
				TARGETED_DEVICE_FAMILY = "1,2";
			};
			name = Release;
		};
/* End XCBuildConfiguration section */

/* Begin XCConfigurationList section */
		C94AD93825849E37002BA210 /* Build configuration list for PBXNativeTarget "gamebookUITests" */ = {
			isa = XCConfigurationList;
			buildConfigurations = (
				C94AD93925849E37002BA210 /* Debug */,
				C94AD93A25849E37002BA210 /* Release */,
			);
			defaultConfigurationIsVisible = 0;
			defaultConfigurationName = Release;
		};
		C961B00924ADD112008AF274 /* Build configuration list for PBXProject "gamebook" */ = {
			isa = XCConfigurationList;
			buildConfigurations = (
				C961B02024ADD113008AF274 /* Debug */,
				C961B02124ADD113008AF274 /* Release */,
			);
			defaultConfigurationIsVisible = 0;
			defaultConfigurationName = Release;
		};
		C961B02224ADD113008AF274 /* Build configuration list for PBXNativeTarget "gamebook" */ = {
			isa = XCConfigurationList;
			buildConfigurations = (
				C961B02324ADD113008AF274 /* Debug */,
				C961B02424ADD113008AF274 /* Release */,
			);
			defaultConfigurationIsVisible = 0;
			defaultConfigurationName = Release;
		};
/* End XCConfigurationList section */

/* Begin XCRemoteSwiftPackageReference section */
		C90090882550478300E90D75 /* XCRemoteSwiftPackageReference "SDWebImage" */ = {
			isa = XCRemoteSwiftPackageReference;
			repositoryURL = "https://github.com/SDWebImage/SDWebImage";
			requirement = {
				kind = upToNextMajorVersion;
				minimumVersion = 5.9.4;
			};
		};
		C900908C25504AD500E90D75 /* XCRemoteSwiftPackageReference "SDWebImageSwiftUI" */ = {
			isa = XCRemoteSwiftPackageReference;
			repositoryURL = "https://github.com/SDWebImage/SDWebImageSwiftUI";
			requirement = {
				kind = upToNextMajorVersion;
				minimumVersion = 1.5.0;
			};
		};
		C900909025505BC300E90D75 /* XCRemoteSwiftPackageReference "Cleanse" */ = {
			isa = XCRemoteSwiftPackageReference;
			repositoryURL = "https://github.com/square/Cleanse";
			requirement = {
				kind = upToNextMajorVersion;
				minimumVersion = 4.2.6;
			};
		};
		C90685A12572710900EE35E1 /* XCRemoteSwiftPackageReference "Alamofire" */ = {
			isa = XCRemoteSwiftPackageReference;
			repositoryURL = "https://github.com/Alamofire/Alamofire";
			requirement = {
				kind = upToNextMajorVersion;
				minimumVersion = 5.4.0;
			};
		};
		C98AF83B2585212500CC8456 /* XCRemoteSwiftPackageReference "Quick" */ = {
			isa = XCRemoteSwiftPackageReference;
			repositoryURL = "https://github.com/Quick/Quick.git";
			requirement = {
				kind = upToNextMajorVersion;
				minimumVersion = 3.0.0;
			};
		};
		C9C6A733258274CF00A4F15A /* XCRemoteSwiftPackageReference "realm-cocoa" */ = {
			isa = XCRemoteSwiftPackageReference;
			repositoryURL = "https://github.com/realm/realm-cocoa.git";
			requirement = {
				kind = upToNextMajorVersion;
				minimumVersion = 10.3.0;
			};
		};
		C9DE60B2259A369F00582780 /* XCRemoteSwiftPackageReference "Nimble" */ = {
			isa = XCRemoteSwiftPackageReference;
			repositoryURL = "https://github.com/Quick/Nimble";
			requirement = {
				kind = upToNextMajorVersion;
				minimumVersion = 9.0.0;
			};
		};
/* End XCRemoteSwiftPackageReference section */

/* Begin XCSwiftPackageProductDependency section */
		C90090892550478300E90D75 /* SDWebImage */ = {
			isa = XCSwiftPackageProductDependency;
			package = C90090882550478300E90D75 /* XCRemoteSwiftPackageReference "SDWebImage" */;
			productName = SDWebImage;
		};
		C900908D25504AD500E90D75 /* SDWebImageSwiftUI */ = {
			isa = XCSwiftPackageProductDependency;
			package = C900908C25504AD500E90D75 /* XCRemoteSwiftPackageReference "SDWebImageSwiftUI" */;
			productName = SDWebImageSwiftUI;
		};
		C900909125505BC300E90D75 /* Cleanse */ = {
			isa = XCSwiftPackageProductDependency;
			package = C900909025505BC300E90D75 /* XCRemoteSwiftPackageReference "Cleanse" */;
			productName = Cleanse;
		};
		C90685A22572710900EE35E1 /* Alamofire */ = {
			isa = XCSwiftPackageProductDependency;
			package = C90685A12572710900EE35E1 /* XCRemoteSwiftPackageReference "Alamofire" */;
			productName = Alamofire;
		};
		C915433E257216DC005D61FC /* Game */ = {
			isa = XCSwiftPackageProductDependency;
			productName = Game;
		};
		C94DBFE22598CF65004F0CCA /* Common */ = {
			isa = XCSwiftPackageProductDependency;
			productName = Common;
		};
		C94DBFE42598CF69004F0CCA /* User */ = {
			isa = XCSwiftPackageProductDependency;
			productName = User;
		};
		C94DBFE62598CF71004F0CCA /* Core */ = {
			isa = XCSwiftPackageProductDependency;
			productName = Core;
		};
		C975317C259A3D020080AC59 /* Nimble */ = {
			isa = XCSwiftPackageProductDependency;
			package = C9DE60B2259A369F00582780 /* XCRemoteSwiftPackageReference "Nimble" */;
			productName = Nimble;
		};
		C9753180259A3D390080AC59 /* Common */ = {
			isa = XCSwiftPackageProductDependency;
			productName = Common;
		};
		C98AF8402585213100CC8456 /* Quick */ = {
			isa = XCSwiftPackageProductDependency;
			package = C98AF83B2585212500CC8456 /* XCRemoteSwiftPackageReference "Quick" */;
			productName = Quick;
		};
		C9C6A734258274CF00A4F15A /* RealmSwift */ = {
			isa = XCSwiftPackageProductDependency;
			package = C9C6A733258274CF00A4F15A /* XCRemoteSwiftPackageReference "realm-cocoa" */;
			productName = RealmSwift;
		};
		C9C6A736258274CF00A4F15A /* Realm */ = {
			isa = XCSwiftPackageProductDependency;
			package = C9C6A733258274CF00A4F15A /* XCRemoteSwiftPackageReference "realm-cocoa" */;
			productName = Realm;
		};
/* End XCSwiftPackageProductDependency section */
	};
	rootObject = C961B00624ADD112008AF274 /* Project object */;
}
